
Microsoft Visual Studio Solution File, Format Version 12.00
# Visual Studio Version 16
VisualStudioVersion = 16.0.28822.285
MinimumVisualStudioVersion = 10.0.40219.1
Project("{2150E333-8FDC-42A3-9474-1A3956D46DE8}") = "UserInterface", "UserInterface", "{3E26E704-B3B1-4122-AD96-F3CD4D8A53A1}"
EndProject
Project("{2150E333-8FDC-42A3-9474-1A3956D46DE8}") = "RssReaderCore", "RssReaderCore", "{DE9C2F2A-50A8-4713-8AAD-EB3A5670605C}"
EndProject
Project("{2150E333-8FDC-42A3-9474-1A3956D46DE8}") = "Container", "Container", "{4C66E310-4C81-4FB7-AC65-F6A98D450DFD}"
EndProject
Project("{2150E333-8FDC-42A3-9474-1A3956D46DE8}") = "Futures", "Futures", "{88B161E8-5B15-4FEB-B2B0-258B05DBC89F}"
EndProject
Project("{2150E333-8FDC-42A3-9474-1A3956D46DE8}") = "Repositories", "Repositories", "{D07BDDF7-E47C-471C-8E67-FDFF2A4062A1}"
EndProject
Project("{2150E333-8FDC-42A3-9474-1A3956D46DE8}") = "Models", "Models", "{5A3E38CB-21AF-49F4-B486-ACAAC56C20A4}"
EndProject
Project("{2150E333-8FDC-42A3-9474-1A3956D46DE8}") = "BaseModel", "BaseModel", "{E36670D1-C47B-4CC4-B19C-8AC01AF0E4AB}"
EndProject
Project("{2150E333-8FDC-42A3-9474-1A3956D46DE8}") = "GeneratedModels", "GeneratedModels", "{AF81032D-949A-4066-AAEE-C1E4F2DAD3B3}"
EndProject
Project("{2150E333-8FDC-42A3-9474-1A3956D46DE8}") = "ModelFactory", "ModelFactory", "{1FD9E7C3-8F07-4E00-BFB7-0FEA66E6F629}"
EndProject
Project("{2150E333-8FDC-42A3-9474-1A3956D46DE8}") = "Format", "Format", "{42313900-7745-46E3-8D84-5DF5C09456B6}"
EndProject
Project("{2150E333-8FDC-42A3-9474-1A3956D46DE8}") = "Validator", "Validator", "{E55E3613-CE70-4766-97F7-EFAFEF1565CB}"
EndProject
Project("{2150E333-8FDC-42A3-9474-1A3956D46DE8}") = "Interpretator", "Interpretator", "{D5079FD7-8AC2-4262-8E03-5FF6BE0E70FB}"
EndProject
Project("{2150E333-8FDC-42A3-9474-1A3956D46DE8}") = "Utility", "Utility", "{9A23C4DB-4F63-4B2D-AFD7-1345A2A74969}"
EndProject
Project("{2150E333-8FDC-42A3-9474-1A3956D46DE8}") = "Wrappers", "Wrappers", "{4AC502E0-997C-4B49-9061-7DDD1CB3FEE6}"
EndProject
Project("{2150E333-8FDC-42A3-9474-1A3956D46DE8}") = "BaseModel", "BaseModel", "{F48BFE0D-112A-4FA8-BCD0-E266B46C0706}"
EndProject
Project("{2150E333-8FDC-42A3-9474-1A3956D46DE8}") = "GeneratedModels", "GeneratedModels", "{E023876E-6F1E-4423-9848-8D6B8267387F}"
EndProject
Project("{2150E333-8FDC-42A3-9474-1A3956D46DE8}") = "Config", "Config", "{F61C5F6A-6C1B-4886-98B1-DAAFA54960E9}"
EndProject
Project("{2150E333-8FDC-42A3-9474-1A3956D46DE8}") = "DateTime", "DateTime", "{2635A665-FCE1-4BE0-9B38-FB5BA61D2DE4}"
EndProject
Project("{2150E333-8FDC-42A3-9474-1A3956D46DE8}") = "XDocument", "XDocument", "{27ECB5FA-4BCE-4AB6-B2A4-F7D44EB3186D}"
EndProject
Project("{2150E333-8FDC-42A3-9474-1A3956D46DE8}") = "WebClient", "WebClient", "{A4C3FC36-5E86-4D32-99A7-68DE9A890F4B}"
EndProject
Project("{2150E333-8FDC-42A3-9474-1A3956D46DE8}") = "Utility", "Utility", "{4C5EE3C4-5138-44F7-B500-279E7777E1DA}"
EndProject
Project("{2150E333-8FDC-42A3-9474-1A3956D46DE8}") = "Wrappers", "Wrappers", "{E1AE3606-F7C1-499E-9A09-F3A86AEAF0FA}"
EndProject
Project("{2150E333-8FDC-42A3-9474-1A3956D46DE8}") = "HttpClientFactoryWrapper", "HttpClientFactoryWrapper", "{DAD51DE4-4BF3-455B-A6AC-64D4468D79DC}"
EndProject
Project("{2150E333-8FDC-42A3-9474-1A3956D46DE8}") = "API", "API", "{3F1AD0CF-BF70-4F1D-94DD-D03CC0063268}"
EndProject
Project("{9A19103F-16F7-4668-BE54-9A1E7A4F7556}") = "RRF.HttpClientFactoryWrapper.Abstract", "RRF.HttpClientFactoryWrapper.Abstract\RRF.HttpClientFactoryWrapper.Abstract.csproj", "{2EBD8A4A-176B-4C0F-80CC-F0BC423A8C82}"
EndProject
Project("{9A19103F-16F7-4668-BE54-9A1E7A4F7556}") = "RRF.HttpClientFactoryWrapper", "RRF.HttpClientFactoryWrapper\RRF.HttpClientFactoryWrapper.csproj", "{0312D2A4-2975-4C83-B588-97F074501A64}"
EndProject
Project("{9A19103F-16F7-4668-BE54-9A1E7A4F7556}") = "RRF.Models.BaseModel", "RRF.Models.BaseModel\RRF.Models.BaseModel.csproj", "{63F81795-CF7C-4581-9C3B-F8931932D518}"
EndProject
Project("{9A19103F-16F7-4668-BE54-9A1E7A4F7556}") = "RRF.Models.BaseModel.Abstract", "RRF.Models.BaseModel.Abstract\RRF.Models.BaseModel.Abstract.csproj", "{7D36A9B1-DBD9-4DE4-AABF-9B8934F73630}"
EndProject
Project("{9A19103F-16F7-4668-BE54-9A1E7A4F7556}") = "RRF.DateTimeWrapper.Abstract", "RRF.DateTimeWrapper.Abstract\RRF.DateTimeWrapper.Abstract.csproj", "{D37F34F6-0DDD-4AD4-8CCB-39E5C7D914FC}"
EndProject
Project("{9A19103F-16F7-4668-BE54-9A1E7A4F7556}") = "RRF.DateTimeWrapper", "RRF.DateTimeWrapper\RRF.DateTimeWrapper.csproj", "{95041925-DFB4-43EF-A8B8-F3EEBE270D09}"
EndProject
Project("{9A19103F-16F7-4668-BE54-9A1E7A4F7556}") = "RRF.WebClientWrapper.Abstract", "RRF.WebClientWrapper.Abstract\RRF.WebClientWrapper.Abstract.csproj", "{C134DE6B-EA28-45FC-90DB-89708F8A4F67}"
EndProject
Project("{9A19103F-16F7-4668-BE54-9A1E7A4F7556}") = "RRF.WebClintWrapper", "RRF.WebClintWrapper\RRF.WebClintWrapper.csproj", "{6D1B567F-C3A1-4A50-B168-CFDD164DD84B}"
EndProject
Project("{9A19103F-16F7-4668-BE54-9A1E7A4F7556}") = "RRF.XDocumentWrapper.Abstract", "RRF.XDocumentWrapper.Abstract\RRF.XDocumentWrapper.Abstract.csproj", "{F045E574-E361-4B1B-AFC0-645BFEA218EC}"
EndProject
Project("{9A19103F-16F7-4668-BE54-9A1E7A4F7556}") = "RRF.XDocumentWrapper", "RRF.XDocumentWrapper\RRF.XDocumentWrapper.csproj", "{7D91F88B-CE6B-4876-9B4F-769B71BF68B0}"
EndProject
Project("{2150E333-8FDC-42A3-9474-1A3956D46DE8}") = "JSON", "JSON", "{9F2ED752-7E0A-45CD-89D9-6D234892FDC5}"
EndProject
Project("{2150E333-8FDC-42A3-9474-1A3956D46DE8}") = "Repository", "Repository", "{8E45CBC8-7C4E-4194-80D6-03DF427510CE}"
EndProject
Project("{2150E333-8FDC-42A3-9474-1A3956D46DE8}") = "Convert", "Convert", "{2F1AFCC7-AC3F-40EF-8CB1-838953D19434}"
EndProject
Project("{2150E333-8FDC-42A3-9474-1A3956D46DE8}") = "Deserialize", "Deserialize", "{1557D56D-0AFB-4408-AFF2-653747E924E2}"
EndProject
Project("{9A19103F-16F7-4668-BE54-9A1E7A4F7556}") = "RRF.JsonDeserialize.Abstract", "RRF.JsonDeserialize.Abstract\RRF.JsonDeserialize.Abstract.csproj", "{3D6F2D0D-B1A8-48E5-AF5A-6ADC2B15A4BB}"
EndProject
Project("{9A19103F-16F7-4668-BE54-9A1E7A4F7556}") = "RRF.JsonDeserialize", "RRF.JsonDeserialize\RRF.JsonDeserialize.csproj", "{F0906B40-DAE1-4DE8-815D-773C8E14FBAA}"
EndProject
Project("{2150E333-8FDC-42A3-9474-1A3956D46DE8}") = "Read", "Read", "{65FAA004-02AE-4A92-AC53-2F14E39789D0}"
EndProject
Project("{9A19103F-16F7-4668-BE54-9A1E7A4F7556}") = "RRF.JsonReader.Abstract", "RRF.JsonReader.Abstract\RRF.JsonReader.Abstract.csproj", "{60106D8E-5B86-4BF1-A720-D95992019BD6}"
EndProject
Project("{9A19103F-16F7-4668-BE54-9A1E7A4F7556}") = "RRF.JsonReader", "RRF.JsonReader\RRF.JsonReader.csproj", "{8D8B913D-11E0-40EF-8278-508D352645E4}"
EndProject
Project("{9A19103F-16F7-4668-BE54-9A1E7A4F7556}") = "RRF.JsonToEntity.Abstract", "RRF.JsonToEntity.Abstract\RRF.JsonToEntity.Abstract.csproj", "{7C9C343F-A36A-4911-82E7-10559A8F1D58}"
EndProject
Project("{9A19103F-16F7-4668-BE54-9A1E7A4F7556}") = "RRF.JsonRepository.Abstract", "RRF.JsonRepository.Abstract\RRF.JsonRepository.Abstract.csproj", "{0D90F1CD-59C9-4305-B3F5-E00FCC224697}"
EndProject
Project("{2150E333-8FDC-42A3-9474-1A3956D46DE8}") = "Data", "Data", "{92C52624-5DFC-4747-B428-FD3D2A6B490E}"
EndProject
Project("{9A19103F-16F7-4668-BE54-9A1E7A4F7556}") = "RRF.JsonData.Abstract", "RRF.JsonData.Abstract\RRF.JsonData.Abstract.csproj", "{6FA37CDE-B320-4B83-B5BD-55E8900238CD}"
EndProject
Project("{9A19103F-16F7-4668-BE54-9A1E7A4F7556}") = "RRF.JsonData", "RRF.JsonData\RRF.JsonData.csproj", "{AE8EB8DB-9949-4C9A-98B2-012F49326BE5}"
EndProject
Project("{9A19103F-16F7-4668-BE54-9A1E7A4F7556}") = "RRF.JsonRepository", "RRF.JsonRepository\RRF.JsonRepository.csproj", "{1EF7B159-DBAC-49FC-8561-7AF3954A344F}"
EndProject
Project("{2150E333-8FDC-42A3-9474-1A3956D46DE8}") = "Config", "Config", "{4677C99E-FD52-4BE4-A59E-DD29825E8E8A}"
EndProject
Project("{9A19103F-16F7-4668-BE54-9A1E7A4F7556}") = "RRF.JsonConfigModel.Abstract", "RRF.JsonConfigModel.Abstract\RRF.JsonConfigModel.Abstract.csproj", "{3A50E0C3-02DF-4F56-9873-EC128F1E9C13}"
EndProject
Project("{9A19103F-16F7-4668-BE54-9A1E7A4F7556}") = "RRF.JsonConfigModel", "RRF.JsonConfigModel\RRF.JsonConfigModel.csproj", "{37E9D505-51D5-48C4-BE84-07BD4C6CB166}"
EndProject
Project("{2150E333-8FDC-42A3-9474-1A3956D46DE8}") = "Function", "Function", "{1EF407F7-CE17-476E-ACE3-B81EC277042F}"
EndProject
Project("{9A19103F-16F7-4668-BE54-9A1E7A4F7556}") = "RFF.JsonFunction.Abstract", "RFF.JsonFunction.Abstract\RFF.JsonFunction.Abstract.csproj", "{21E70650-46F1-4C6D-957D-6A8C7ECFE827}"
EndProject
Project("{9A19103F-16F7-4668-BE54-9A1E7A4F7556}") = "RFF.JsonFunction", "RFF.JsonFunction\RFF.JsonFunction.csproj", "{D5C2FC5D-D501-475F-A055-13CE2691AB4C}"
EndProject
Project("{2150E333-8FDC-42A3-9474-1A3956D46DE8}") = "Feed", "Feed", "{2CC03B94-0D13-466A-9688-A49078384FE6}"
EndProject
Project("{2150E333-8FDC-42A3-9474-1A3956D46DE8}") = "Data", "Data", "{05384C08-882E-4468-8751-619EFD19F7A0}"
EndProject
Project("{2150E333-8FDC-42A3-9474-1A3956D46DE8}") = "EF", "EF", "{CE8F82AE-BC2C-4624-A401-AEC2796EB15F}"
EndProject
Project("{2150E333-8FDC-42A3-9474-1A3956D46DE8}") = "EFModels", "EFModels", "{3F537339-7B85-4CDE-8BD9-17A65F309E83}"
EndProject
Project("{2150E333-8FDC-42A3-9474-1A3956D46DE8}") = "EFContext", "EFContext", "{DDE35173-526D-4CCE-812E-4A6963666B14}"
EndProject
Project("{2150E333-8FDC-42A3-9474-1A3956D46DE8}") = "FeedModel", "FeedModel", "{6C91699E-17E6-42E7-B728-89D70FBD8687}"
EndProject
Project("{9A19103F-16F7-4668-BE54-9A1E7A4F7556}") = "RRF.FeedModel.Abstract", "RRF.FeedModel.Abstract\RRF.FeedModel.Abstract.csproj", "{CF434619-76E2-4EA9-8020-72120EA21E3A}"
EndProject
Project("{9A19103F-16F7-4668-BE54-9A1E7A4F7556}") = "RRF.FeedModel", "RRF.FeedModel\RRF.FeedModel.csproj", "{D485FFE0-D331-4958-A2A9-FEC3A754666C}"
EndProject
Project("{9A19103F-16F7-4668-BE54-9A1E7A4F7556}") = "RRF.Feed.Abstract", "RRF.Feed.Abstract\RRF.Feed.Abstract.csproj", "{D2D55630-F55B-41A3-8988-0BFC7663BCC5}"
EndProject
Project("{9A19103F-16F7-4668-BE54-9A1E7A4F7556}") = "RRF.Feed", "RRF.Feed\RRF.Feed.csproj", "{E6E390AA-D435-4F82-B503-05D94FB33EB6}"
EndProject
Project("{2150E333-8FDC-42A3-9474-1A3956D46DE8}") = "FeedModels", "FeedModels", "{5DE88D40-3CAE-4EA1-8D2D-D21B6A8A4361}"
EndProject
Project("{2150E333-8FDC-42A3-9474-1A3956D46DE8}") = "FeedRepository", "FeedRepository", "{0039A246-3B89-4656-88F8-701798CD8784}"
EndProject
Project("{9A19103F-16F7-4668-BE54-9A1E7A4F7556}") = "RRF.FeedRepository.Abstract", "RRF.FeedRepository.Abstract\RRF.FeedRepository.Abstract.csproj", "{FB0247F7-7677-461C-9F33-97B057787EC2}"
EndProject
Project("{9A19103F-16F7-4668-BE54-9A1E7A4F7556}") = "RRF.FeedNodeRepository", "RRF.FeedNodeRepository\RRF.FeedNodeRepository.csproj", "{25C802DE-C1EC-4340-A958-6D8523BBBCAF}"
EndProject
Project("{2150E333-8FDC-42A3-9474-1A3956D46DE8}") = "FeedModelFactory", "FeedModelFactory", "{960981D8-4AC9-412D-939C-62946D592D6C}"
EndProject
Project("{9A19103F-16F7-4668-BE54-9A1E7A4F7556}") = "RRF.FeedModelFactory.Abstract", "RRF.FeedModelFactory.Abstract\RRF.FeedModelFactory.Abstract.csproj", "{994F3C82-C4CB-4FB6-BE7B-2A66F1CA07D4}"
EndProject
Project("{9A19103F-16F7-4668-BE54-9A1E7A4F7556}") = "RRF.FeedModelFactory", "RRF.FeedModelFactory\RRF.FeedModelFactory.csproj", "{61E001F7-EAA7-4E36-837A-F262A4AA1901}"
EndProject
Project("{2150E333-8FDC-42A3-9474-1A3956D46DE8}") = "FeedModel", "FeedModel", "{B9E6FABD-7E30-4765-B419-D807F88E3411}"
EndProject
Project("{2150E333-8FDC-42A3-9474-1A3956D46DE8}") = "MainFeed", "MainFeed", "{E776D6C9-43A5-4B3A-B543-6D4B8A431098}"
EndProject
Project("{9A19103F-16F7-4668-BE54-9A1E7A4F7556}") = "RRF.BaseModelRepository.Abstract", "RRF.BaseModelRepository.Abstract\RRF.BaseModelRepository.Abstract.csproj", "{BA675628-AE30-4011-B9AA-F5F3C2D1C074}"
EndProject
Project("{9A19103F-16F7-4668-BE54-9A1E7A4F7556}") = "RRF.BaseModelRepository", "RRF.BaseModelRepository\RRF.BaseModelRepository.csproj", "{D29CFE85-6264-4BAD-8051-7A990048C20F}"
EndProject
Project("{2150E333-8FDC-42A3-9474-1A3956D46DE8}") = "StringPropsValidator", "StringPropsValidator", "{0A31D0B8-4A17-4D41-A8AC-5361F7A9A6ED}"
EndProject
Project("{9A19103F-16F7-4668-BE54-9A1E7A4F7556}") = "RRF.ModelFactory.StringValidator.Abstract", "RRF.ModelFactory.StringValidator.Abstract\RRF.ModelFactory.StringValidator.Abstract.csproj", "{A53B6DB0-091F-4A22-A56A-0A868C8593AD}"
EndProject
Project("{9A19103F-16F7-4668-BE54-9A1E7A4F7556}") = "RRF.ModelFactory.StringValidator", "RRF.ModelFactory.StringValidator\RRF.ModelFactory.StringValidator.csproj", "{9879C2A9-177B-46B7-936F-394F24C8A5BA}"
EndProject
Project("{9A19103F-16F7-4668-BE54-9A1E7A4F7556}") = "RRF.FeedModelFactoryValidator.Abstract", "RRF.FeedModelFactoryValidator.Abstract\RRF.FeedModelFactoryValidator.Abstract.csproj", "{5F0FA5CC-1ED9-40C5-81AF-C3F47FEA101E}"
EndProject
Project("{9A19103F-16F7-4668-BE54-9A1E7A4F7556}") = "RRF.FeedModelFactoryValidator", "RRF.FeedModelFactoryValidator\RRF.FeedModelFactoryValidator.csproj", "{74FF27C2-731B-417B-9771-8B33A6423127}"
EndProject
Project("{2150E333-8FDC-42A3-9474-1A3956D46DE8}") = "Models", "Models", "{17A71711-BEA3-49B0-BB6A-0A6551CC2331}"
EndProject
Project("{2150E333-8FDC-42A3-9474-1A3956D46DE8}") = "BaseModel", "BaseModel", "{E6C5B47D-1627-42E9-A75A-0EE473BF47C0}"
EndProject
Project("{9A19103F-16F7-4668-BE54-9A1E7A4F7556}") = "RRF.ModelFactory.BaseModelFormat.Abstract", "RRF.ModelFactory.BaseModelFormat.Abstract\RRF.ModelFactory.BaseModelFormat.Abstract.csproj", "{2AC12804-FC42-4D6C-BFF8-9B3F3797E876}"
EndProject
Project("{2150E333-8FDC-42A3-9474-1A3956D46DE8}") = "FormatElementsRepository", "FormatElementsRepository", "{C21E8245-17C8-4140-82E0-E4DAE2454CD2}"
EndProject
Project("{9A19103F-16F7-4668-BE54-9A1E7A4F7556}") = "RRF.ModelFactory.FormateElementsRepository.Abstract", "RRF.ModelFactory.FormateElementsRepository.Abstract\RRF.ModelFactory.FormateElementsRepository.Abstract.csproj", "{3D933D13-E31F-4CF0-BEC7-EE687544C879}"
EndProject
Project("{9A19103F-16F7-4668-BE54-9A1E7A4F7556}") = "RRF.ModelFactory.FormatElementsRepository", "RRF.ModelFactory.FormatElementsRepository\RRF.ModelFactory.FormatElementsRepository.csproj", "{47467108-8443-4002-973A-0C04556B517A}"
EndProject
Project("{9A19103F-16F7-4668-BE54-9A1E7A4F7556}") = "RRF.ModelFactory.BaseModelFormat", "RRF.ModelFactory.BaseModelFormat\RRF.ModelFactory.BaseModelFormat.csproj", "{F6FD4003-29F5-44A0-9C12-071568A1CF43}"
EndProject
Project("{2150E333-8FDC-42A3-9474-1A3956D46DE8}") = "XElement", "XElement", "{B0F5BD8F-FFFD-4368-ADFD-73E20952C150}"
EndProject
Project("{2150E333-8FDC-42A3-9474-1A3956D46DE8}") = "Interpretator", "Interpretator", "{0FF90D7A-9C52-48DF-84D8-233BF55C9696}"
EndProject
Project("{2150E333-8FDC-42A3-9474-1A3956D46DE8}") = "ModelBind", "ModelBind", "{F2C97BE5-1871-420C-B130-B812237A2BCD}"
EndProject
Project("{2150E333-8FDC-42A3-9474-1A3956D46DE8}") = "Convertor", "Convertor", "{6BEC3A63-FF6C-4E99-A24C-658606E601E5}"
EndProject
Project("{2150E333-8FDC-42A3-9474-1A3956D46DE8}") = "BaseModel", "BaseModel", "{D3BEEB01-384F-46AA-8FAF-ED2A7C4792DF}"
EndProject
Project("{9A19103F-16F7-4668-BE54-9A1E7A4F7556}") = "RFF.ModelFactory.XElementInterpretator.Abstract", "RFF.ModelFactory.XElementInterpretator.Abstract\RFF.ModelFactory.XElementInterpretator.Abstract.csproj", "{C78B3F06-F090-4151-B947-E7C9697A0569}"
EndProject
Project("{9A19103F-16F7-4668-BE54-9A1E7A4F7556}") = "RRF.ModelFactory.BaseModelXElementInterpretator", "RRF.ModelFactory.BaseModelXElementInterpretator\RRF.ModelFactory.BaseModelXElementInterpretator.csproj", "{6C8D8DEC-4C58-4D49-AA26-BA1188025669}"
EndProject
Project("{2150E333-8FDC-42A3-9474-1A3956D46DE8}") = "StringBind", "StringBind", "{8195F277-2D18-4A7B-839F-9696FDC2570C}"
EndProject
Project("{2150E333-8FDC-42A3-9474-1A3956D46DE8}") = "DateTimeBind", "DateTimeBind", "{1E1354D2-FA62-41B1-A76B-7DFC0E4A0144}"
EndProject
Project("{2150E333-8FDC-42A3-9474-1A3956D46DE8}") = "ImageBind", "ImageBind", "{92C9BFEE-33A5-41F2-BCCF-DA5D00A2C08A}"
EndProject
Project("{9A19103F-16F7-4668-BE54-9A1E7A4F7556}") = "RRF.ModelFactory.ModelBindString.Abstract", "RRF.ModelFactory.ModelBindString.Abstract\RRF.ModelFactory.ModelBindString.Abstract.csproj", "{3A25C0F6-8BF8-4058-A44D-E1807DA57620}"
EndProject
Project("{9A19103F-16F7-4668-BE54-9A1E7A4F7556}") = "RRF.ModelFactory.ModelBindString", "RRF.ModelFactory.ModelBindString\RRF.ModelFactory.ModelBindString.csproj", "{E5E2D602-2F95-4F76-AA18-4F1A8B83CA73}"
EndProject
Project("{9A19103F-16F7-4668-BE54-9A1E7A4F7556}") = "RRF.ModelFactory.ModelBindImage.Abstract", "RRF.ModelFactory.ModelBindImage.Abstract\RRF.ModelFactory.ModelBindImage.Abstract.csproj", "{4CA0CD75-8674-4D3A-9FDB-22F38EE67339}"
EndProject
Project("{9A19103F-16F7-4668-BE54-9A1E7A4F7556}") = "RRF.ModelFactory.ModelBindImage", "RRF.ModelFactory.ModelBindImage\RRF.ModelFactory.ModelBindImage.csproj", "{583301B0-89D4-4407-BE68-C9BFC9FE5D61}"
EndProject
Project("{9A19103F-16F7-4668-BE54-9A1E7A4F7556}") = "RRF.ModelFactory.ModelBindDateTime.Abstract", "RRF.ModelFactory.ModelBindDateTime.Abstract\RRF.ModelFactory.ModelBindDateTime.Abstract.csproj", "{1CAE705E-11E2-49A5-BFB4-D49B89691670}"
EndProject
Project("{9A19103F-16F7-4668-BE54-9A1E7A4F7556}") = "RRF.ModelFactory.ModelBindDateTime", "RRF.ModelFactory.ModelBindDateTime\RRF.ModelFactory.ModelBindDateTime.csproj", "{BEE57995-4EF7-4F6C-8E44-29A17C073C68}"
EndProject
Project("{9A19103F-16F7-4668-BE54-9A1E7A4F7556}") = "RRF.Core.Container", "RRF.Core.Container\RRF.Core.Container.csproj", "{0553614B-2E6D-4552-984E-8D60A476015A}"
EndProject
Project("{9A19103F-16F7-4668-BE54-9A1E7A4F7556}") = "RRF.API", "RRF.API\RRF.API.csproj", "{2BD2395D-112D-467C-9951-22FBAB78353C}"
EndProject
Project("{9A19103F-16F7-4668-BE54-9A1E7A4F7556}") = "RRF.InvokeMiddleware", "RRF.InvokeMiddleware\RRF.InvokeMiddleware.csproj", "{BFD712E6-BDC7-4543-9215-B30360166214}"
EndProject
Project("{2150E333-8FDC-42A3-9474-1A3956D46DE8}") = "AccessPoint", "AccessPoint", "{B9CF47E6-50A5-474E-AE1C-696197678246}"
EndProject
Project("{2150E333-8FDC-42A3-9474-1A3956D46DE8}") = "BaseModelAccess", "BaseModelAccess", "{D4DB4A8E-C47A-4040-ACAD-2C5CDA7540B8}"
EndProject
Project("{9A19103F-16F7-4668-BE54-9A1E7A4F7556}") = "RRF.BaseModelAccess.Abstract", "RRF.BaseModelAccess.Abstract\RRF.BaseModelAccess.Abstract.csproj", "{337D9980-6417-4CD4-966E-58E23E5B6D83}"
EndProject
Project("{2150E333-8FDC-42A3-9474-1A3956D46DE8}") = "Point", "Point", "{A520B61E-8EFA-4973-BB19-EA5DBCE1906C}"
EndProject
Project("{2150E333-8FDC-42A3-9474-1A3956D46DE8}") = "Models", "Models", "{8F0F8E3B-3BF5-4A54-9C3F-824630DF15E2}"
EndProject
Project("{9A19103F-16F7-4668-BE54-9A1E7A4F7556}") = "RRF.BaseModelFeed.Abstract", "RRF.BaseModelFeed.Abstract\RRF.BaseModelFeed.Abstract.csproj", "{F4FB1DBE-32C7-4AAD-9D12-94197D371737}"
EndProject
Project("{9A19103F-16F7-4668-BE54-9A1E7A4F7556}") = "RRF.BaseModelFeed", "RRF.BaseModelFeed\RRF.BaseModelFeed.csproj", "{EDE0919A-0FFD-44C6-8E92-2CE5CD8812C6}"
EndProject
Project("{9A19103F-16F7-4668-BE54-9A1E7A4F7556}") = "RRF.BaseModelAccess", "RRF.BaseModelAccess\RRF.BaseModelAccess.csproj", "{0126CBA9-DE96-42E6-9A84-512DC7EC8046}"
EndProject
Project("{2150E333-8FDC-42A3-9474-1A3956D46DE8}") = "Presentation", "Presentation", "{A2FDAA64-E887-44B9-88E0-00D096070798}"
EndProject
Project("{9A19103F-16F7-4668-BE54-9A1E7A4F7556}") = "RRF.RRFDbContext", "RRF.RRFDbContext\RRF.RRFDbContext.csproj", "{FF18701A-CC1B-4F52-AA37-C6C8F2A7AEF2}"
EndProject
Project("{2150E333-8FDC-42A3-9474-1A3956D46DE8}") = "Web", "Web", "{E39D4318-5E59-481D-A84D-A2B538154E91}"
EndProject
Project("{9A19103F-16F7-4668-BE54-9A1E7A4F7556}") = "RRF.Web", "RRF.Web\RRF.Web.csproj", "{3F0F31B1-220F-4EDE-A941-80D9BFC82F24}"
EndProject
Project("{2150E333-8FDC-42A3-9474-1A3956D46DE8}") = "Identity", "Identity", "{64CE0C1A-3A99-4380-9AA8-7382143204F8}"
EndProject
Project("{2150E333-8FDC-42A3-9474-1A3956D46DE8}") = "IdentityUtility", "IdentityUtility", "{B45D2CCA-5928-4404-8904-0B95F8966090}"
EndProject
Project("{2150E333-8FDC-42A3-9474-1A3956D46DE8}") = "SignInUtility", "SignInUtility", "{F5269F7B-6251-4443-8214-338FF7A06193}"
EndProject
Project("{9A19103F-16F7-4668-BE54-9A1E7A4F7556}") = "RRF.IdentityUtility.SignInManagerUtility.Abstract", "RRF.IdentityUtility.SignInManagerUtility.Abstract\RRF.IdentityUtility.SignInManagerUtility.Abstract.csproj", "{29471D1C-BEFE-43E3-A799-58C1EA805AF9}"
EndProject
Project("{9A19103F-16F7-4668-BE54-9A1E7A4F7556}") = "RRF.IdentityUtility.SignInManagerUtility", "RRF.IdentityUtility.SignInManagerUtility\RRF.IdentityUtility.SignInManagerUtility.csproj", "{BAFDB295-48C2-4B1C-AB25-DAC69E616539}"
EndProject
Project("{2150E333-8FDC-42A3-9474-1A3956D46DE8}") = "Models", "Models", "{38F9F948-2040-401E-B622-C4E57C994B27}"
EndProject
Project("{9A19103F-16F7-4668-BE54-9A1E7A4F7556}") = "RRF.Identity.Models.BaseModel", "RRF.Identity.Models.BaseModel\RRF.Identity.Models.BaseModel.csproj", "{BD77AA8C-4997-46C3-AD59-097176A7525D}"
EndProject
Project("{2150E333-8FDC-42A3-9474-1A3956D46DE8}") = "UserManagerUtility", "UserManagerUtility", "{7BAB61CB-DB77-480E-AC4A-C0169BC0F2BF}"
EndProject
Project("{9A19103F-16F7-4668-BE54-9A1E7A4F7556}") = "RRF.IdentityUtility.UserManagerUtility.Abstract", "RRF.IdentityUtility.UserManagerUtility.Abstract\RRF.IdentityUtility.UserManagerUtility.Abstract.csproj", "{BC0050A1-10AE-4B44-84D8-F0412B5CC676}"
EndProject
Project("{9A19103F-16F7-4668-BE54-9A1E7A4F7556}") = "RRF.IdentityUtility.UserManagerUtility", "RRF.IdentityUtility.UserManagerUtility\RRF.IdentityUtility.UserManagerUtility.csproj", "{FD77EB91-3F7B-4F63-A385-0996F01D50CC}"
EndProject
Project("{2150E333-8FDC-42A3-9474-1A3956D46DE8}") = "Functions", "Functions", "{89FEA30F-FE7B-43F8-BB64-DF97E0E8DA09}"
EndProject
Project("{9A19103F-16F7-4668-BE54-9A1E7A4F7556}") = "RRF.Identity.AccountManager.Abstract", "RRF.Identity.AccountManager.Abstract\RRF.Identity.AccountManager.Abstract.csproj", "{03911FE5-B1EB-4328-B725-39FAEB51C4F9}"
EndProject
Project("{9A19103F-16F7-4668-BE54-9A1E7A4F7556}") = "RRF.Identity.AccountManager", "RRF.Identity.AccountManager\RRF.Identity.AccountManager.csproj", "{C01543FB-E6F2-4AA3-8A37-30FD3A0D733F}"
EndProject
Project("{2150E333-8FDC-42A3-9474-1A3956D46DE8}") = "Validator", "Validator", "{7F59A709-BBDB-4ACE-B977-BCFFF05BEB1D}"
EndProject
Project("{9A19103F-16F7-4668-BE54-9A1E7A4F7556}") = "RRF.GuardValidator", "RRF.GuardValidator\RRF.GuardValidator.csproj", "{8DB26B72-65F7-4F5F-9523-1BF09F2707AF}"
EndProject
Project("{9A19103F-16F7-4668-BE54-9A1E7A4F7556}") = "RRF.EFModels", "RRF.EFModels\RRF.EFModels.csproj", "{D226A840-CDE4-4228-B9A9-8E7758E0B72E}"
EndProject
Project("{2150E333-8FDC-42A3-9474-1A3956D46DE8}") = "EFModelConfig", "EFModelConfig", "{5C14C036-02AD-43A7-859A-FE77B7B2024F}"
EndProject
Project("{9A19103F-16F7-4668-BE54-9A1E7A4F7556}") = "RRF.EFModelsConfig.Abstract", "RRF.EFModelsConfig.Abstract\RRF.EFModelsConfig.Abstract.csproj", "{ADC89A7A-D07E-4142-AAB2-1C180FECAC3A}"
EndProject
Project("{9A19103F-16F7-4668-BE54-9A1E7A4F7556}") = "RRF.EFModelsConfig", "RRF.EFModelsConfig\RRF.EFModelsConfig.csproj", "{B75520B1-E8EF-4002-9A13-DB2A29D5861B}"
EndProject
Project("{2150E333-8FDC-42A3-9474-1A3956D46DE8}") = "Seed", "Seed", "{D798013F-64DD-4506-B8B0-A3234D75C6D2}"
EndProject
Project("{9A19103F-16F7-4668-BE54-9A1E7A4F7556}") = "RRF.EFSeed", "RRF.EFSeed\RRF.EFSeed.csproj", "{2503416C-6E5C-4AB8-899A-E8AEFB729B2A}"
EndProject
Project("{2150E333-8FDC-42A3-9474-1A3956D46DE8}") = "Services", "Services", "{B4694C3A-67C1-4AB9-938E-2675C11E91CF}"
EndProject
Project("{2150E333-8FDC-42A3-9474-1A3956D46DE8}") = "RssChanels", "RssChanels", "{67A3516C-44EA-4A9A-A0A5-7EE44AFA7962}"
EndProject
Project("{9A19103F-16F7-4668-BE54-9A1E7A4F7556}") = "RRF.EFService.RssChanelService.Abstract", "RRF.EFService.RssChanelService.Abstract\RRF.EFService.RssChanelService.Abstract.csproj", "{DA2B92D1-3A37-4735-BAF6-3202F4DE89F2}"
EndProject
Project("{9A19103F-16F7-4668-BE54-9A1E7A4F7556}") = "RRF.EFService.RssChanelService", "RRF.EFService.RssChanelService\RRF.EFService.RssChanelService.csproj", "{80FEAA7C-3496-4B5F-ADB9-C191772D8D0F}"
EndProject
Project("{2150E333-8FDC-42A3-9474-1A3956D46DE8}") = "ItemModel", "ItemModel", "{26BBCD74-DB9A-4107-B014-EEA1B1EE0848}"
EndProject
Project("{9A19103F-16F7-4668-BE54-9A1E7A4F7556}") = "RRF.EFService.ItemModelService.Abstract", "RRF.EFService.ItemModelService.Abstract\RRF.EFService.ItemModelService.Abstract.csproj", "{F0562FF1-F316-4DD3-AB5D-B04498975175}"
EndProject
Project("{9A19103F-16F7-4668-BE54-9A1E7A4F7556}") = "RRF.EFService.ItemModelService", "RRF.EFService.ItemModelService\RRF.EFService.ItemModelService.csproj", "{8C5DC74F-0D6A-482D-839C-E085261AC6AC}"
EndProject
Project("{2150E333-8FDC-42A3-9474-1A3956D46DE8}") = "EFRepository", "EFRepository", "{84B5928A-40AC-4839-AB53-A5F46138CC04}"
EndProject
Project("{9A19103F-16F7-4668-BE54-9A1E7A4F7556}") = "RRF.EFRepository.Abstract", "RRF.EFRepository.Abstract\RRF.EFRepository.Abstract.csproj", "{CC6AF4D4-7CC4-4163-A56B-066EDB389367}"
EndProject
Project("{2150E333-8FDC-42A3-9474-1A3956D46DE8}") = "RssSettings", "RssSettings", "{F5583575-E2C7-4112-AF6D-02D636D8DA84}"
EndProject
Project("{9A19103F-16F7-4668-BE54-9A1E7A4F7556}") = "RRF.EFService.RssSettingsService.Abstrtact", "RRF.EFService.RssSettingsService.Abstrtact\RRF.EFService.RssSettingsService.Abstrtact.csproj", "{244D2301-9762-45D1-9032-8DADC35E0269}"
EndProject
Project("{9A19103F-16F7-4668-BE54-9A1E7A4F7556}") = "RRF.EFService.RssSettingsService", "RRF.EFService.RssSettingsService\RRF.EFService.RssSettingsService.csproj", "{73A765E6-5653-454C-8D9A-2EF33BB1E686}"
EndProject
Project("{9A19103F-16F7-4668-BE54-9A1E7A4F7556}") = "RRF.EFModels.Abstract", "RRF.EFModels.Abstract\RRF.EFModels.Abstract.csproj", "{981262BC-7919-4C8E-98C6-554759DAF37C}"
EndProject
Project("{9A19103F-16F7-4668-BE54-9A1E7A4F7556}") = "RRF.EFRepository", "RRF.EFRepository\RRF.EFRepository.csproj", "{166E7AF7-4506-4198-B600-4A04BEEF5A49}"
EndProject
Project("{2150E333-8FDC-42A3-9474-1A3956D46DE8}") = "FormatElements", "FormatElements", "{531BF609-5B40-41E1-B319-4475BB0734FA}"
EndProject
Project("{9A19103F-16F7-4668-BE54-9A1E7A4F7556}") = "RRF.EFService.FormatElementsService.Abstract", "RRF.EFService.FormatElementsService.Abstract\RRF.EFService.FormatElementsService.Abstract.csproj", "{D817BA61-521F-43C1-AE7D-E04646F10E34}"
EndProject
Project("{9A19103F-16F7-4668-BE54-9A1E7A4F7556}") = "RRF.EFService.FormatElementService", "RRF.EFService.FormatElementService\RRF.EFService.FormatElementService.csproj", "{EED6F33A-D4BA-40B7-85B9-8E3E497F2A17}"
EndProject
Project("{9A19103F-16F7-4668-BE54-9A1E7A4F7556}") = "RRF.GuarValidator.CustomExceptions", "RRF.GuarValidator.CustomExceptions\RRF.GuarValidator.CustomExceptions.csproj", "{B41707F6-B6F4-436A-BAB7-B40C9F16D7C0}"
EndProject
Project("{9A19103F-16F7-4668-BE54-9A1E7A4F7556}") = "RRF.Model.GeneratedModels", "RRF.Model.GeneratedModels\RRF.Model.GeneratedModels.csproj", "{2AE1BBA3-D2E6-437F-B5BB-7D89D3ACD298}"
EndProject
Project("{2150E333-8FDC-42A3-9474-1A3956D46DE8}") = "Business", "Business", "{89FFC700-27A3-4B0E-A4E0-5B73858CEA72}"
EndProject
Project("{2150E333-8FDC-42A3-9474-1A3956D46DE8}") = "Identity", "Identity", "{C3883AA3-DA10-4A28-B908-909FB4A11305}"
EndProject
Project("{2150E333-8FDC-42A3-9474-1A3956D46DE8}") = "ControllerValidator", "ControllerValidator", "{A0542A61-6E50-4ECD-A17C-806303738669}"
EndProject
Project("{9A19103F-16F7-4668-BE54-9A1E7A4F7556}") = "RRF.IdentityControllerValidator.Abstract", "RRF.IdentityControllerValidator.Abstract\RRF.IdentityControllerValidator.Abstract.csproj", "{5D42CFF1-A086-45AB-A44C-89CC12628AD8}"
EndProject
Project("{9A19103F-16F7-4668-BE54-9A1E7A4F7556}") = "RRF.ClientControllerValidation", "RRF.ClientControllerValidation\RRF.ClientControllerValidation.csproj", "{EF8CD990-2F06-406D-A5C3-4DFC6BD175A4}"
EndProject
Project("{2150E333-8FDC-42A3-9474-1A3956D46DE8}") = "Business", "Business", "{F7025F35-D8F7-4B43-AB9D-9044A9042275}"
EndProject
Project("{2150E333-8FDC-42A3-9474-1A3956D46DE8}") = "IdentityCall", "IdentityCall", "{7B1B1700-6573-4949-BF19-FEA81D777AE1}"
EndProject
Project("{9A19103F-16F7-4668-BE54-9A1E7A4F7556}") = "RRF.WebService.AccountControllerService.Abstract", "RRF.WebService.AccountControllerService.Abstract\RRF.WebService.AccountControllerService.Abstract.csproj", "{0DD7E625-AFBA-4320-A7ED-18CF261C758E}"
EndProject
Project("{9A19103F-16F7-4668-BE54-9A1E7A4F7556}") = "RRF.WebService.AccountControllerService", "RRF.WebService.AccountControllerService\RRF.WebService.AccountControllerService.csproj", "{013C030B-C3A8-4143-89F8-513E3ABC3CA7}"
EndProject
Project("{2150E333-8FDC-42A3-9474-1A3956D46DE8}") = "HttpClientService", "HttpClientService", "{EAABCC3D-FAF3-4533-B62A-6BFF18C12FEF}"
EndProject
Project("{9A19103F-16F7-4668-BE54-9A1E7A4F7556}") = "RRF.WebService.HttpClientService.Abstract", "RRF.WebService.HttpClientService.Abstract\RRF.WebService.HttpClientService.Abstract.csproj", "{AD915CB4-D75C-411A-84E2-E43426F9896C}"
EndProject
Project("{9A19103F-16F7-4668-BE54-9A1E7A4F7556}") = "RRF.WebService.HttpClientService", "RRF.WebService.HttpClientService\RRF.WebService.HttpClientService.csproj", "{D08507F9-FB51-41C9-9AFD-020EE89DAE6C}"
EndProject
Project("{2150E333-8FDC-42A3-9474-1A3956D46DE8}") = "JsonWrapper", "JsonWrapper", "{FE18EFCB-9F35-4D1C-8B45-21A745B25C50}"
EndProject
Project("{FAE04EC0-301F-11D3-BF4B-00C04F79EFBC}") = "RRF.JsonWrapper.Abstract", "RRF.JsonWrapper.Abstract\RRF.JsonWrapper.Abstract.csproj", "{BF250622-F34F-422F-B5B0-6537F2546048}"
EndProject
Project("{FAE04EC0-301F-11D3-BF4B-00C04F79EFBC}") = "RRF.JsonSerializeWrapper", "RRF.JsonSerializeWrapper\RRF.JsonSerializeWrapper.csproj", "{97FCBB98-9F1B-4DE1-8EFA-4A8EE72254C5}"
EndProject
Project("{2150E333-8FDC-42A3-9474-1A3956D46DE8}") = "DTOs", "DTOs", "{FCCC6F58-8DAF-4299-8E11-EB9C07EF6E1C}"
EndProject
Project("{2150E333-8FDC-42A3-9474-1A3956D46DE8}") = "JsonDTOs", "JsonDTOs", "{AE98FBDB-F191-461C-8E1A-26F40CB38155}"
EndProject
Project("{FAE04EC0-301F-11D3-BF4B-00C04F79EFBC}") = "RRF.WebService.JsonDTO.JsonRegisterDTO", "RRF.WebService.JsonDTO.JsonRegisterDTO\RRF.WebService.JsonDTO.JsonRegisterDTO.csproj", "{504EEB22-140A-4A97-B551-A2AA0B711865}"
EndProject
Project("{FAE04EC0-301F-11D3-BF4B-00C04F79EFBC}") = "RRF.Identity.ManageManager.Abstract", "RRF.Identity.ManageManager.Abstract\RRF.Identity.ManageManager.Abstract.csproj", "{50CC7B41-2A42-43A3-95F3-37619DCD3DAF}"
EndProject
Project("{FAE04EC0-301F-11D3-BF4B-00C04F79EFBC}") = "RRF.Identity.ManageManager", "RRF.Identity.ManageManager\RRF.Identity.ManageManager.csproj", "{31A66DF7-AF19-4E4A-B6D2-3FB9CAB17C61}"
EndProject
Project("{2150E333-8FDC-42A3-9474-1A3956D46DE8}") = "ControllerServices", "ControllerServices", "{DBECC9D3-B1BB-434C-8267-27129478A0B0}"
EndProject
Project("{2150E333-8FDC-42A3-9474-1A3956D46DE8}") = "MainServices", "MainServices", "{B842F22C-702B-46EF-A32A-0DBDC8D0AA87}"
EndProject
Project("{FAE04EC0-301F-11D3-BF4B-00C04F79EFBC}") = "RRF.WebService.ClientService.Abstract", "RRF.WebService.ClientService.Abstract\RRF.WebService.ClientService.Abstract.csproj", "{2FE21481-1119-42E5-9A7F-6B23A58764FE}"
EndProject
Project("{FAE04EC0-301F-11D3-BF4B-00C04F79EFBC}") = "RRF.WebService.ClientService", "RRF.WebService.ClientService\RRF.WebService.ClientService.csproj", "{A3F1AB2F-4281-453A-95FC-D41CE72F8560}"
EndProject
Global
	GlobalSection(SolutionConfigurationPlatforms) = preSolution
		Debug|Any CPU = Debug|Any CPU
		Release|Any CPU = Release|Any CPU
	EndGlobalSection
	GlobalSection(ProjectConfigurationPlatforms) = postSolution
		{2EBD8A4A-176B-4C0F-80CC-F0BC423A8C82}.Debug|Any CPU.ActiveCfg = Debug|Any CPU
		{2EBD8A4A-176B-4C0F-80CC-F0BC423A8C82}.Debug|Any CPU.Build.0 = Debug|Any CPU
		{2EBD8A4A-176B-4C0F-80CC-F0BC423A8C82}.Release|Any CPU.ActiveCfg = Release|Any CPU
		{2EBD8A4A-176B-4C0F-80CC-F0BC423A8C82}.Release|Any CPU.Build.0 = Release|Any CPU
		{0312D2A4-2975-4C83-B588-97F074501A64}.Debug|Any CPU.ActiveCfg = Debug|Any CPU
		{0312D2A4-2975-4C83-B588-97F074501A64}.Debug|Any CPU.Build.0 = Debug|Any CPU
		{0312D2A4-2975-4C83-B588-97F074501A64}.Release|Any CPU.ActiveCfg = Release|Any CPU
		{0312D2A4-2975-4C83-B588-97F074501A64}.Release|Any CPU.Build.0 = Release|Any CPU
		{63F81795-CF7C-4581-9C3B-F8931932D518}.Debug|Any CPU.ActiveCfg = Debug|Any CPU
		{63F81795-CF7C-4581-9C3B-F8931932D518}.Debug|Any CPU.Build.0 = Debug|Any CPU
		{63F81795-CF7C-4581-9C3B-F8931932D518}.Release|Any CPU.ActiveCfg = Release|Any CPU
		{63F81795-CF7C-4581-9C3B-F8931932D518}.Release|Any CPU.Build.0 = Release|Any CPU
		{7D36A9B1-DBD9-4DE4-AABF-9B8934F73630}.Debug|Any CPU.ActiveCfg = Debug|Any CPU
		{7D36A9B1-DBD9-4DE4-AABF-9B8934F73630}.Debug|Any CPU.Build.0 = Debug|Any CPU
		{7D36A9B1-DBD9-4DE4-AABF-9B8934F73630}.Release|Any CPU.ActiveCfg = Release|Any CPU
		{7D36A9B1-DBD9-4DE4-AABF-9B8934F73630}.Release|Any CPU.Build.0 = Release|Any CPU
		{D37F34F6-0DDD-4AD4-8CCB-39E5C7D914FC}.Debug|Any CPU.ActiveCfg = Debug|Any CPU
		{D37F34F6-0DDD-4AD4-8CCB-39E5C7D914FC}.Debug|Any CPU.Build.0 = Debug|Any CPU
		{D37F34F6-0DDD-4AD4-8CCB-39E5C7D914FC}.Release|Any CPU.ActiveCfg = Release|Any CPU
		{D37F34F6-0DDD-4AD4-8CCB-39E5C7D914FC}.Release|Any CPU.Build.0 = Release|Any CPU
		{95041925-DFB4-43EF-A8B8-F3EEBE270D09}.Debug|Any CPU.ActiveCfg = Debug|Any CPU
		{95041925-DFB4-43EF-A8B8-F3EEBE270D09}.Debug|Any CPU.Build.0 = Debug|Any CPU
		{95041925-DFB4-43EF-A8B8-F3EEBE270D09}.Release|Any CPU.ActiveCfg = Release|Any CPU
		{95041925-DFB4-43EF-A8B8-F3EEBE270D09}.Release|Any CPU.Build.0 = Release|Any CPU
		{C134DE6B-EA28-45FC-90DB-89708F8A4F67}.Debug|Any CPU.ActiveCfg = Debug|Any CPU
		{C134DE6B-EA28-45FC-90DB-89708F8A4F67}.Debug|Any CPU.Build.0 = Debug|Any CPU
		{C134DE6B-EA28-45FC-90DB-89708F8A4F67}.Release|Any CPU.ActiveCfg = Release|Any CPU
		{C134DE6B-EA28-45FC-90DB-89708F8A4F67}.Release|Any CPU.Build.0 = Release|Any CPU
		{6D1B567F-C3A1-4A50-B168-CFDD164DD84B}.Debug|Any CPU.ActiveCfg = Debug|Any CPU
		{6D1B567F-C3A1-4A50-B168-CFDD164DD84B}.Debug|Any CPU.Build.0 = Debug|Any CPU
		{6D1B567F-C3A1-4A50-B168-CFDD164DD84B}.Release|Any CPU.ActiveCfg = Release|Any CPU
		{6D1B567F-C3A1-4A50-B168-CFDD164DD84B}.Release|Any CPU.Build.0 = Release|Any CPU
		{F045E574-E361-4B1B-AFC0-645BFEA218EC}.Debug|Any CPU.ActiveCfg = Debug|Any CPU
		{F045E574-E361-4B1B-AFC0-645BFEA218EC}.Debug|Any CPU.Build.0 = Debug|Any CPU
		{F045E574-E361-4B1B-AFC0-645BFEA218EC}.Release|Any CPU.ActiveCfg = Release|Any CPU
		{F045E574-E361-4B1B-AFC0-645BFEA218EC}.Release|Any CPU.Build.0 = Release|Any CPU
		{7D91F88B-CE6B-4876-9B4F-769B71BF68B0}.Debug|Any CPU.ActiveCfg = Debug|Any CPU
		{7D91F88B-CE6B-4876-9B4F-769B71BF68B0}.Debug|Any CPU.Build.0 = Debug|Any CPU
		{7D91F88B-CE6B-4876-9B4F-769B71BF68B0}.Release|Any CPU.ActiveCfg = Release|Any CPU
		{7D91F88B-CE6B-4876-9B4F-769B71BF68B0}.Release|Any CPU.Build.0 = Release|Any CPU
		{3D6F2D0D-B1A8-48E5-AF5A-6ADC2B15A4BB}.Debug|Any CPU.ActiveCfg = Debug|Any CPU
		{3D6F2D0D-B1A8-48E5-AF5A-6ADC2B15A4BB}.Debug|Any CPU.Build.0 = Debug|Any CPU
		{3D6F2D0D-B1A8-48E5-AF5A-6ADC2B15A4BB}.Release|Any CPU.ActiveCfg = Release|Any CPU
		{3D6F2D0D-B1A8-48E5-AF5A-6ADC2B15A4BB}.Release|Any CPU.Build.0 = Release|Any CPU
		{F0906B40-DAE1-4DE8-815D-773C8E14FBAA}.Debug|Any CPU.ActiveCfg = Debug|Any CPU
		{F0906B40-DAE1-4DE8-815D-773C8E14FBAA}.Debug|Any CPU.Build.0 = Debug|Any CPU
		{F0906B40-DAE1-4DE8-815D-773C8E14FBAA}.Release|Any CPU.ActiveCfg = Release|Any CPU
		{F0906B40-DAE1-4DE8-815D-773C8E14FBAA}.Release|Any CPU.Build.0 = Release|Any CPU
		{60106D8E-5B86-4BF1-A720-D95992019BD6}.Debug|Any CPU.ActiveCfg = Debug|Any CPU
		{60106D8E-5B86-4BF1-A720-D95992019BD6}.Debug|Any CPU.Build.0 = Debug|Any CPU
		{60106D8E-5B86-4BF1-A720-D95992019BD6}.Release|Any CPU.ActiveCfg = Release|Any CPU
		{60106D8E-5B86-4BF1-A720-D95992019BD6}.Release|Any CPU.Build.0 = Release|Any CPU
		{8D8B913D-11E0-40EF-8278-508D352645E4}.Debug|Any CPU.ActiveCfg = Debug|Any CPU
		{8D8B913D-11E0-40EF-8278-508D352645E4}.Debug|Any CPU.Build.0 = Debug|Any CPU
		{8D8B913D-11E0-40EF-8278-508D352645E4}.Release|Any CPU.ActiveCfg = Release|Any CPU
		{8D8B913D-11E0-40EF-8278-508D352645E4}.Release|Any CPU.Build.0 = Release|Any CPU
		{7C9C343F-A36A-4911-82E7-10559A8F1D58}.Debug|Any CPU.ActiveCfg = Debug|Any CPU
		{7C9C343F-A36A-4911-82E7-10559A8F1D58}.Debug|Any CPU.Build.0 = Debug|Any CPU
		{7C9C343F-A36A-4911-82E7-10559A8F1D58}.Release|Any CPU.ActiveCfg = Release|Any CPU
		{7C9C343F-A36A-4911-82E7-10559A8F1D58}.Release|Any CPU.Build.0 = Release|Any CPU
		{0D90F1CD-59C9-4305-B3F5-E00FCC224697}.Debug|Any CPU.ActiveCfg = Debug|Any CPU
		{0D90F1CD-59C9-4305-B3F5-E00FCC224697}.Debug|Any CPU.Build.0 = Debug|Any CPU
		{0D90F1CD-59C9-4305-B3F5-E00FCC224697}.Release|Any CPU.ActiveCfg = Release|Any CPU
		{0D90F1CD-59C9-4305-B3F5-E00FCC224697}.Release|Any CPU.Build.0 = Release|Any CPU
		{6FA37CDE-B320-4B83-B5BD-55E8900238CD}.Debug|Any CPU.ActiveCfg = Debug|Any CPU
		{6FA37CDE-B320-4B83-B5BD-55E8900238CD}.Debug|Any CPU.Build.0 = Debug|Any CPU
		{6FA37CDE-B320-4B83-B5BD-55E8900238CD}.Release|Any CPU.ActiveCfg = Release|Any CPU
		{6FA37CDE-B320-4B83-B5BD-55E8900238CD}.Release|Any CPU.Build.0 = Release|Any CPU
		{AE8EB8DB-9949-4C9A-98B2-012F49326BE5}.Debug|Any CPU.ActiveCfg = Debug|Any CPU
		{AE8EB8DB-9949-4C9A-98B2-012F49326BE5}.Debug|Any CPU.Build.0 = Debug|Any CPU
		{AE8EB8DB-9949-4C9A-98B2-012F49326BE5}.Release|Any CPU.ActiveCfg = Release|Any CPU
		{AE8EB8DB-9949-4C9A-98B2-012F49326BE5}.Release|Any CPU.Build.0 = Release|Any CPU
		{1EF7B159-DBAC-49FC-8561-7AF3954A344F}.Debug|Any CPU.ActiveCfg = Debug|Any CPU
		{1EF7B159-DBAC-49FC-8561-7AF3954A344F}.Debug|Any CPU.Build.0 = Debug|Any CPU
		{1EF7B159-DBAC-49FC-8561-7AF3954A344F}.Release|Any CPU.ActiveCfg = Release|Any CPU
		{1EF7B159-DBAC-49FC-8561-7AF3954A344F}.Release|Any CPU.Build.0 = Release|Any CPU
		{3A50E0C3-02DF-4F56-9873-EC128F1E9C13}.Debug|Any CPU.ActiveCfg = Debug|Any CPU
		{3A50E0C3-02DF-4F56-9873-EC128F1E9C13}.Debug|Any CPU.Build.0 = Debug|Any CPU
		{3A50E0C3-02DF-4F56-9873-EC128F1E9C13}.Release|Any CPU.ActiveCfg = Release|Any CPU
		{3A50E0C3-02DF-4F56-9873-EC128F1E9C13}.Release|Any CPU.Build.0 = Release|Any CPU
		{37E9D505-51D5-48C4-BE84-07BD4C6CB166}.Debug|Any CPU.ActiveCfg = Debug|Any CPU
		{37E9D505-51D5-48C4-BE84-07BD4C6CB166}.Debug|Any CPU.Build.0 = Debug|Any CPU
		{37E9D505-51D5-48C4-BE84-07BD4C6CB166}.Release|Any CPU.ActiveCfg = Release|Any CPU
		{37E9D505-51D5-48C4-BE84-07BD4C6CB166}.Release|Any CPU.Build.0 = Release|Any CPU
		{21E70650-46F1-4C6D-957D-6A8C7ECFE827}.Debug|Any CPU.ActiveCfg = Debug|Any CPU
		{21E70650-46F1-4C6D-957D-6A8C7ECFE827}.Debug|Any CPU.Build.0 = Debug|Any CPU
		{21E70650-46F1-4C6D-957D-6A8C7ECFE827}.Release|Any CPU.ActiveCfg = Release|Any CPU
		{21E70650-46F1-4C6D-957D-6A8C7ECFE827}.Release|Any CPU.Build.0 = Release|Any CPU
		{D5C2FC5D-D501-475F-A055-13CE2691AB4C}.Debug|Any CPU.ActiveCfg = Debug|Any CPU
		{D5C2FC5D-D501-475F-A055-13CE2691AB4C}.Debug|Any CPU.Build.0 = Debug|Any CPU
		{D5C2FC5D-D501-475F-A055-13CE2691AB4C}.Release|Any CPU.ActiveCfg = Release|Any CPU
		{D5C2FC5D-D501-475F-A055-13CE2691AB4C}.Release|Any CPU.Build.0 = Release|Any CPU
		{CF434619-76E2-4EA9-8020-72120EA21E3A}.Debug|Any CPU.ActiveCfg = Debug|Any CPU
		{CF434619-76E2-4EA9-8020-72120EA21E3A}.Debug|Any CPU.Build.0 = Debug|Any CPU
		{CF434619-76E2-4EA9-8020-72120EA21E3A}.Release|Any CPU.ActiveCfg = Release|Any CPU
		{CF434619-76E2-4EA9-8020-72120EA21E3A}.Release|Any CPU.Build.0 = Release|Any CPU
		{D485FFE0-D331-4958-A2A9-FEC3A754666C}.Debug|Any CPU.ActiveCfg = Debug|Any CPU
		{D485FFE0-D331-4958-A2A9-FEC3A754666C}.Debug|Any CPU.Build.0 = Debug|Any CPU
		{D485FFE0-D331-4958-A2A9-FEC3A754666C}.Release|Any CPU.ActiveCfg = Release|Any CPU
		{D485FFE0-D331-4958-A2A9-FEC3A754666C}.Release|Any CPU.Build.0 = Release|Any CPU
		{D2D55630-F55B-41A3-8988-0BFC7663BCC5}.Debug|Any CPU.ActiveCfg = Debug|Any CPU
		{D2D55630-F55B-41A3-8988-0BFC7663BCC5}.Debug|Any CPU.Build.0 = Debug|Any CPU
		{D2D55630-F55B-41A3-8988-0BFC7663BCC5}.Release|Any CPU.ActiveCfg = Release|Any CPU
		{D2D55630-F55B-41A3-8988-0BFC7663BCC5}.Release|Any CPU.Build.0 = Release|Any CPU
		{E6E390AA-D435-4F82-B503-05D94FB33EB6}.Debug|Any CPU.ActiveCfg = Debug|Any CPU
		{E6E390AA-D435-4F82-B503-05D94FB33EB6}.Debug|Any CPU.Build.0 = Debug|Any CPU
		{E6E390AA-D435-4F82-B503-05D94FB33EB6}.Release|Any CPU.ActiveCfg = Release|Any CPU
		{E6E390AA-D435-4F82-B503-05D94FB33EB6}.Release|Any CPU.Build.0 = Release|Any CPU
		{FB0247F7-7677-461C-9F33-97B057787EC2}.Debug|Any CPU.ActiveCfg = Debug|Any CPU
		{FB0247F7-7677-461C-9F33-97B057787EC2}.Debug|Any CPU.Build.0 = Debug|Any CPU
		{FB0247F7-7677-461C-9F33-97B057787EC2}.Release|Any CPU.ActiveCfg = Release|Any CPU
		{FB0247F7-7677-461C-9F33-97B057787EC2}.Release|Any CPU.Build.0 = Release|Any CPU
		{25C802DE-C1EC-4340-A958-6D8523BBBCAF}.Debug|Any CPU.ActiveCfg = Debug|Any CPU
		{25C802DE-C1EC-4340-A958-6D8523BBBCAF}.Debug|Any CPU.Build.0 = Debug|Any CPU
		{25C802DE-C1EC-4340-A958-6D8523BBBCAF}.Release|Any CPU.ActiveCfg = Release|Any CPU
		{25C802DE-C1EC-4340-A958-6D8523BBBCAF}.Release|Any CPU.Build.0 = Release|Any CPU
		{994F3C82-C4CB-4FB6-BE7B-2A66F1CA07D4}.Debug|Any CPU.ActiveCfg = Debug|Any CPU
		{994F3C82-C4CB-4FB6-BE7B-2A66F1CA07D4}.Debug|Any CPU.Build.0 = Debug|Any CPU
		{994F3C82-C4CB-4FB6-BE7B-2A66F1CA07D4}.Release|Any CPU.ActiveCfg = Release|Any CPU
		{994F3C82-C4CB-4FB6-BE7B-2A66F1CA07D4}.Release|Any CPU.Build.0 = Release|Any CPU
		{61E001F7-EAA7-4E36-837A-F262A4AA1901}.Debug|Any CPU.ActiveCfg = Debug|Any CPU
		{61E001F7-EAA7-4E36-837A-F262A4AA1901}.Debug|Any CPU.Build.0 = Debug|Any CPU
		{61E001F7-EAA7-4E36-837A-F262A4AA1901}.Release|Any CPU.ActiveCfg = Release|Any CPU
		{61E001F7-EAA7-4E36-837A-F262A4AA1901}.Release|Any CPU.Build.0 = Release|Any CPU
		{BA675628-AE30-4011-B9AA-F5F3C2D1C074}.Debug|Any CPU.ActiveCfg = Debug|Any CPU
		{BA675628-AE30-4011-B9AA-F5F3C2D1C074}.Debug|Any CPU.Build.0 = Debug|Any CPU
		{BA675628-AE30-4011-B9AA-F5F3C2D1C074}.Release|Any CPU.ActiveCfg = Release|Any CPU
		{BA675628-AE30-4011-B9AA-F5F3C2D1C074}.Release|Any CPU.Build.0 = Release|Any CPU
		{D29CFE85-6264-4BAD-8051-7A990048C20F}.Debug|Any CPU.ActiveCfg = Debug|Any CPU
		{D29CFE85-6264-4BAD-8051-7A990048C20F}.Debug|Any CPU.Build.0 = Debug|Any CPU
		{D29CFE85-6264-4BAD-8051-7A990048C20F}.Release|Any CPU.ActiveCfg = Release|Any CPU
		{D29CFE85-6264-4BAD-8051-7A990048C20F}.Release|Any CPU.Build.0 = Release|Any CPU
		{A53B6DB0-091F-4A22-A56A-0A868C8593AD}.Debug|Any CPU.ActiveCfg = Debug|Any CPU
		{A53B6DB0-091F-4A22-A56A-0A868C8593AD}.Debug|Any CPU.Build.0 = Debug|Any CPU
		{A53B6DB0-091F-4A22-A56A-0A868C8593AD}.Release|Any CPU.ActiveCfg = Release|Any CPU
		{A53B6DB0-091F-4A22-A56A-0A868C8593AD}.Release|Any CPU.Build.0 = Release|Any CPU
		{9879C2A9-177B-46B7-936F-394F24C8A5BA}.Debug|Any CPU.ActiveCfg = Debug|Any CPU
		{9879C2A9-177B-46B7-936F-394F24C8A5BA}.Debug|Any CPU.Build.0 = Debug|Any CPU
		{9879C2A9-177B-46B7-936F-394F24C8A5BA}.Release|Any CPU.ActiveCfg = Release|Any CPU
		{9879C2A9-177B-46B7-936F-394F24C8A5BA}.Release|Any CPU.Build.0 = Release|Any CPU
		{5F0FA5CC-1ED9-40C5-81AF-C3F47FEA101E}.Debug|Any CPU.ActiveCfg = Debug|Any CPU
		{5F0FA5CC-1ED9-40C5-81AF-C3F47FEA101E}.Debug|Any CPU.Build.0 = Debug|Any CPU
		{5F0FA5CC-1ED9-40C5-81AF-C3F47FEA101E}.Release|Any CPU.ActiveCfg = Release|Any CPU
		{5F0FA5CC-1ED9-40C5-81AF-C3F47FEA101E}.Release|Any CPU.Build.0 = Release|Any CPU
		{74FF27C2-731B-417B-9771-8B33A6423127}.Debug|Any CPU.ActiveCfg = Debug|Any CPU
		{74FF27C2-731B-417B-9771-8B33A6423127}.Debug|Any CPU.Build.0 = Debug|Any CPU
		{74FF27C2-731B-417B-9771-8B33A6423127}.Release|Any CPU.ActiveCfg = Release|Any CPU
		{74FF27C2-731B-417B-9771-8B33A6423127}.Release|Any CPU.Build.0 = Release|Any CPU
		{2AC12804-FC42-4D6C-BFF8-9B3F3797E876}.Debug|Any CPU.ActiveCfg = Debug|Any CPU
		{2AC12804-FC42-4D6C-BFF8-9B3F3797E876}.Debug|Any CPU.Build.0 = Debug|Any CPU
		{2AC12804-FC42-4D6C-BFF8-9B3F3797E876}.Release|Any CPU.ActiveCfg = Release|Any CPU
		{2AC12804-FC42-4D6C-BFF8-9B3F3797E876}.Release|Any CPU.Build.0 = Release|Any CPU
		{3D933D13-E31F-4CF0-BEC7-EE687544C879}.Debug|Any CPU.ActiveCfg = Debug|Any CPU
		{3D933D13-E31F-4CF0-BEC7-EE687544C879}.Debug|Any CPU.Build.0 = Debug|Any CPU
		{3D933D13-E31F-4CF0-BEC7-EE687544C879}.Release|Any CPU.ActiveCfg = Release|Any CPU
		{3D933D13-E31F-4CF0-BEC7-EE687544C879}.Release|Any CPU.Build.0 = Release|Any CPU
		{47467108-8443-4002-973A-0C04556B517A}.Debug|Any CPU.ActiveCfg = Debug|Any CPU
		{47467108-8443-4002-973A-0C04556B517A}.Debug|Any CPU.Build.0 = Debug|Any CPU
		{47467108-8443-4002-973A-0C04556B517A}.Release|Any CPU.ActiveCfg = Release|Any CPU
		{47467108-8443-4002-973A-0C04556B517A}.Release|Any CPU.Build.0 = Release|Any CPU
		{F6FD4003-29F5-44A0-9C12-071568A1CF43}.Debug|Any CPU.ActiveCfg = Debug|Any CPU
		{F6FD4003-29F5-44A0-9C12-071568A1CF43}.Debug|Any CPU.Build.0 = Debug|Any CPU
		{F6FD4003-29F5-44A0-9C12-071568A1CF43}.Release|Any CPU.ActiveCfg = Release|Any CPU
		{F6FD4003-29F5-44A0-9C12-071568A1CF43}.Release|Any CPU.Build.0 = Release|Any CPU
		{C78B3F06-F090-4151-B947-E7C9697A0569}.Debug|Any CPU.ActiveCfg = Debug|Any CPU
		{C78B3F06-F090-4151-B947-E7C9697A0569}.Debug|Any CPU.Build.0 = Debug|Any CPU
		{C78B3F06-F090-4151-B947-E7C9697A0569}.Release|Any CPU.ActiveCfg = Release|Any CPU
		{C78B3F06-F090-4151-B947-E7C9697A0569}.Release|Any CPU.Build.0 = Release|Any CPU
		{6C8D8DEC-4C58-4D49-AA26-BA1188025669}.Debug|Any CPU.ActiveCfg = Debug|Any CPU
		{6C8D8DEC-4C58-4D49-AA26-BA1188025669}.Debug|Any CPU.Build.0 = Debug|Any CPU
		{6C8D8DEC-4C58-4D49-AA26-BA1188025669}.Release|Any CPU.ActiveCfg = Release|Any CPU
		{6C8D8DEC-4C58-4D49-AA26-BA1188025669}.Release|Any CPU.Build.0 = Release|Any CPU
		{3A25C0F6-8BF8-4058-A44D-E1807DA57620}.Debug|Any CPU.ActiveCfg = Debug|Any CPU
		{3A25C0F6-8BF8-4058-A44D-E1807DA57620}.Debug|Any CPU.Build.0 = Debug|Any CPU
		{3A25C0F6-8BF8-4058-A44D-E1807DA57620}.Release|Any CPU.ActiveCfg = Release|Any CPU
		{3A25C0F6-8BF8-4058-A44D-E1807DA57620}.Release|Any CPU.Build.0 = Release|Any CPU
		{E5E2D602-2F95-4F76-AA18-4F1A8B83CA73}.Debug|Any CPU.ActiveCfg = Debug|Any CPU
		{E5E2D602-2F95-4F76-AA18-4F1A8B83CA73}.Debug|Any CPU.Build.0 = Debug|Any CPU
		{E5E2D602-2F95-4F76-AA18-4F1A8B83CA73}.Release|Any CPU.ActiveCfg = Release|Any CPU
		{E5E2D602-2F95-4F76-AA18-4F1A8B83CA73}.Release|Any CPU.Build.0 = Release|Any CPU
		{4CA0CD75-8674-4D3A-9FDB-22F38EE67339}.Debug|Any CPU.ActiveCfg = Debug|Any CPU
		{4CA0CD75-8674-4D3A-9FDB-22F38EE67339}.Debug|Any CPU.Build.0 = Debug|Any CPU
		{4CA0CD75-8674-4D3A-9FDB-22F38EE67339}.Release|Any CPU.ActiveCfg = Release|Any CPU
		{4CA0CD75-8674-4D3A-9FDB-22F38EE67339}.Release|Any CPU.Build.0 = Release|Any CPU
		{583301B0-89D4-4407-BE68-C9BFC9FE5D61}.Debug|Any CPU.ActiveCfg = Debug|Any CPU
		{583301B0-89D4-4407-BE68-C9BFC9FE5D61}.Debug|Any CPU.Build.0 = Debug|Any CPU
		{583301B0-89D4-4407-BE68-C9BFC9FE5D61}.Release|Any CPU.ActiveCfg = Release|Any CPU
		{583301B0-89D4-4407-BE68-C9BFC9FE5D61}.Release|Any CPU.Build.0 = Release|Any CPU
		{1CAE705E-11E2-49A5-BFB4-D49B89691670}.Debug|Any CPU.ActiveCfg = Debug|Any CPU
		{1CAE705E-11E2-49A5-BFB4-D49B89691670}.Debug|Any CPU.Build.0 = Debug|Any CPU
		{1CAE705E-11E2-49A5-BFB4-D49B89691670}.Release|Any CPU.ActiveCfg = Release|Any CPU
		{1CAE705E-11E2-49A5-BFB4-D49B89691670}.Release|Any CPU.Build.0 = Release|Any CPU
		{BEE57995-4EF7-4F6C-8E44-29A17C073C68}.Debug|Any CPU.ActiveCfg = Debug|Any CPU
		{BEE57995-4EF7-4F6C-8E44-29A17C073C68}.Debug|Any CPU.Build.0 = Debug|Any CPU
		{BEE57995-4EF7-4F6C-8E44-29A17C073C68}.Release|Any CPU.ActiveCfg = Release|Any CPU
		{BEE57995-4EF7-4F6C-8E44-29A17C073C68}.Release|Any CPU.Build.0 = Release|Any CPU
		{0553614B-2E6D-4552-984E-8D60A476015A}.Debug|Any CPU.ActiveCfg = Debug|Any CPU
		{0553614B-2E6D-4552-984E-8D60A476015A}.Debug|Any CPU.Build.0 = Debug|Any CPU
		{0553614B-2E6D-4552-984E-8D60A476015A}.Release|Any CPU.ActiveCfg = Release|Any CPU
		{0553614B-2E6D-4552-984E-8D60A476015A}.Release|Any CPU.Build.0 = Release|Any CPU
		{2BD2395D-112D-467C-9951-22FBAB78353C}.Debug|Any CPU.ActiveCfg = Debug|Any CPU
		{2BD2395D-112D-467C-9951-22FBAB78353C}.Debug|Any CPU.Build.0 = Debug|Any CPU
		{2BD2395D-112D-467C-9951-22FBAB78353C}.Release|Any CPU.ActiveCfg = Release|Any CPU
		{2BD2395D-112D-467C-9951-22FBAB78353C}.Release|Any CPU.Build.0 = Release|Any CPU
		{BFD712E6-BDC7-4543-9215-B30360166214}.Debug|Any CPU.ActiveCfg = Debug|Any CPU
		{BFD712E6-BDC7-4543-9215-B30360166214}.Debug|Any CPU.Build.0 = Debug|Any CPU
		{BFD712E6-BDC7-4543-9215-B30360166214}.Release|Any CPU.ActiveCfg = Release|Any CPU
		{BFD712E6-BDC7-4543-9215-B30360166214}.Release|Any CPU.Build.0 = Release|Any CPU
		{337D9980-6417-4CD4-966E-58E23E5B6D83}.Debug|Any CPU.ActiveCfg = Debug|Any CPU
		{337D9980-6417-4CD4-966E-58E23E5B6D83}.Debug|Any CPU.Build.0 = Debug|Any CPU
		{337D9980-6417-4CD4-966E-58E23E5B6D83}.Release|Any CPU.ActiveCfg = Release|Any CPU
		{337D9980-6417-4CD4-966E-58E23E5B6D83}.Release|Any CPU.Build.0 = Release|Any CPU
		{F4FB1DBE-32C7-4AAD-9D12-94197D371737}.Debug|Any CPU.ActiveCfg = Debug|Any CPU
		{F4FB1DBE-32C7-4AAD-9D12-94197D371737}.Debug|Any CPU.Build.0 = Debug|Any CPU
		{F4FB1DBE-32C7-4AAD-9D12-94197D371737}.Release|Any CPU.ActiveCfg = Release|Any CPU
		{F4FB1DBE-32C7-4AAD-9D12-94197D371737}.Release|Any CPU.Build.0 = Release|Any CPU
		{EDE0919A-0FFD-44C6-8E92-2CE5CD8812C6}.Debug|Any CPU.ActiveCfg = Debug|Any CPU
		{EDE0919A-0FFD-44C6-8E92-2CE5CD8812C6}.Debug|Any CPU.Build.0 = Debug|Any CPU
		{EDE0919A-0FFD-44C6-8E92-2CE5CD8812C6}.Release|Any CPU.ActiveCfg = Release|Any CPU
		{EDE0919A-0FFD-44C6-8E92-2CE5CD8812C6}.Release|Any CPU.Build.0 = Release|Any CPU
		{0126CBA9-DE96-42E6-9A84-512DC7EC8046}.Debug|Any CPU.ActiveCfg = Debug|Any CPU
		{0126CBA9-DE96-42E6-9A84-512DC7EC8046}.Debug|Any CPU.Build.0 = Debug|Any CPU
		{0126CBA9-DE96-42E6-9A84-512DC7EC8046}.Release|Any CPU.ActiveCfg = Release|Any CPU
		{0126CBA9-DE96-42E6-9A84-512DC7EC8046}.Release|Any CPU.Build.0 = Release|Any CPU
		{FF18701A-CC1B-4F52-AA37-C6C8F2A7AEF2}.Debug|Any CPU.ActiveCfg = Debug|Any CPU
		{FF18701A-CC1B-4F52-AA37-C6C8F2A7AEF2}.Debug|Any CPU.Build.0 = Debug|Any CPU
		{FF18701A-CC1B-4F52-AA37-C6C8F2A7AEF2}.Release|Any CPU.ActiveCfg = Release|Any CPU
		{FF18701A-CC1B-4F52-AA37-C6C8F2A7AEF2}.Release|Any CPU.Build.0 = Release|Any CPU
		{3F0F31B1-220F-4EDE-A941-80D9BFC82F24}.Debug|Any CPU.ActiveCfg = Debug|Any CPU
		{3F0F31B1-220F-4EDE-A941-80D9BFC82F24}.Debug|Any CPU.Build.0 = Debug|Any CPU
		{3F0F31B1-220F-4EDE-A941-80D9BFC82F24}.Release|Any CPU.ActiveCfg = Release|Any CPU
		{3F0F31B1-220F-4EDE-A941-80D9BFC82F24}.Release|Any CPU.Build.0 = Release|Any CPU
		{29471D1C-BEFE-43E3-A799-58C1EA805AF9}.Debug|Any CPU.ActiveCfg = Debug|Any CPU
		{29471D1C-BEFE-43E3-A799-58C1EA805AF9}.Debug|Any CPU.Build.0 = Debug|Any CPU
		{29471D1C-BEFE-43E3-A799-58C1EA805AF9}.Release|Any CPU.ActiveCfg = Release|Any CPU
		{29471D1C-BEFE-43E3-A799-58C1EA805AF9}.Release|Any CPU.Build.0 = Release|Any CPU
		{BAFDB295-48C2-4B1C-AB25-DAC69E616539}.Debug|Any CPU.ActiveCfg = Debug|Any CPU
		{BAFDB295-48C2-4B1C-AB25-DAC69E616539}.Debug|Any CPU.Build.0 = Debug|Any CPU
		{BAFDB295-48C2-4B1C-AB25-DAC69E616539}.Release|Any CPU.ActiveCfg = Release|Any CPU
		{BAFDB295-48C2-4B1C-AB25-DAC69E616539}.Release|Any CPU.Build.0 = Release|Any CPU
		{BD77AA8C-4997-46C3-AD59-097176A7525D}.Debug|Any CPU.ActiveCfg = Debug|Any CPU
		{BD77AA8C-4997-46C3-AD59-097176A7525D}.Debug|Any CPU.Build.0 = Debug|Any CPU
		{BD77AA8C-4997-46C3-AD59-097176A7525D}.Release|Any CPU.ActiveCfg = Release|Any CPU
		{BD77AA8C-4997-46C3-AD59-097176A7525D}.Release|Any CPU.Build.0 = Release|Any CPU
		{BC0050A1-10AE-4B44-84D8-F0412B5CC676}.Debug|Any CPU.ActiveCfg = Debug|Any CPU
		{BC0050A1-10AE-4B44-84D8-F0412B5CC676}.Debug|Any CPU.Build.0 = Debug|Any CPU
		{BC0050A1-10AE-4B44-84D8-F0412B5CC676}.Release|Any CPU.ActiveCfg = Release|Any CPU
		{BC0050A1-10AE-4B44-84D8-F0412B5CC676}.Release|Any CPU.Build.0 = Release|Any CPU
		{FD77EB91-3F7B-4F63-A385-0996F01D50CC}.Debug|Any CPU.ActiveCfg = Debug|Any CPU
		{FD77EB91-3F7B-4F63-A385-0996F01D50CC}.Debug|Any CPU.Build.0 = Debug|Any CPU
		{FD77EB91-3F7B-4F63-A385-0996F01D50CC}.Release|Any CPU.ActiveCfg = Release|Any CPU
		{FD77EB91-3F7B-4F63-A385-0996F01D50CC}.Release|Any CPU.Build.0 = Release|Any CPU
		{03911FE5-B1EB-4328-B725-39FAEB51C4F9}.Debug|Any CPU.ActiveCfg = Debug|Any CPU
		{03911FE5-B1EB-4328-B725-39FAEB51C4F9}.Debug|Any CPU.Build.0 = Debug|Any CPU
		{03911FE5-B1EB-4328-B725-39FAEB51C4F9}.Release|Any CPU.ActiveCfg = Release|Any CPU
		{03911FE5-B1EB-4328-B725-39FAEB51C4F9}.Release|Any CPU.Build.0 = Release|Any CPU
		{C01543FB-E6F2-4AA3-8A37-30FD3A0D733F}.Debug|Any CPU.ActiveCfg = Debug|Any CPU
		{C01543FB-E6F2-4AA3-8A37-30FD3A0D733F}.Debug|Any CPU.Build.0 = Debug|Any CPU
		{C01543FB-E6F2-4AA3-8A37-30FD3A0D733F}.Release|Any CPU.ActiveCfg = Release|Any CPU
		{C01543FB-E6F2-4AA3-8A37-30FD3A0D733F}.Release|Any CPU.Build.0 = Release|Any CPU
		{8DB26B72-65F7-4F5F-9523-1BF09F2707AF}.Debug|Any CPU.ActiveCfg = Debug|Any CPU
		{8DB26B72-65F7-4F5F-9523-1BF09F2707AF}.Debug|Any CPU.Build.0 = Debug|Any CPU
		{8DB26B72-65F7-4F5F-9523-1BF09F2707AF}.Release|Any CPU.ActiveCfg = Release|Any CPU
		{8DB26B72-65F7-4F5F-9523-1BF09F2707AF}.Release|Any CPU.Build.0 = Release|Any CPU
		{D226A840-CDE4-4228-B9A9-8E7758E0B72E}.Debug|Any CPU.ActiveCfg = Debug|Any CPU
		{D226A840-CDE4-4228-B9A9-8E7758E0B72E}.Debug|Any CPU.Build.0 = Debug|Any CPU
		{D226A840-CDE4-4228-B9A9-8E7758E0B72E}.Release|Any CPU.ActiveCfg = Release|Any CPU
		{D226A840-CDE4-4228-B9A9-8E7758E0B72E}.Release|Any CPU.Build.0 = Release|Any CPU
		{ADC89A7A-D07E-4142-AAB2-1C180FECAC3A}.Debug|Any CPU.ActiveCfg = Debug|Any CPU
		{ADC89A7A-D07E-4142-AAB2-1C180FECAC3A}.Debug|Any CPU.Build.0 = Debug|Any CPU
		{ADC89A7A-D07E-4142-AAB2-1C180FECAC3A}.Release|Any CPU.ActiveCfg = Release|Any CPU
		{ADC89A7A-D07E-4142-AAB2-1C180FECAC3A}.Release|Any CPU.Build.0 = Release|Any CPU
		{B75520B1-E8EF-4002-9A13-DB2A29D5861B}.Debug|Any CPU.ActiveCfg = Debug|Any CPU
		{B75520B1-E8EF-4002-9A13-DB2A29D5861B}.Debug|Any CPU.Build.0 = Debug|Any CPU
		{B75520B1-E8EF-4002-9A13-DB2A29D5861B}.Release|Any CPU.ActiveCfg = Release|Any CPU
		{B75520B1-E8EF-4002-9A13-DB2A29D5861B}.Release|Any CPU.Build.0 = Release|Any CPU
		{2503416C-6E5C-4AB8-899A-E8AEFB729B2A}.Debug|Any CPU.ActiveCfg = Debug|Any CPU
		{2503416C-6E5C-4AB8-899A-E8AEFB729B2A}.Debug|Any CPU.Build.0 = Debug|Any CPU
		{2503416C-6E5C-4AB8-899A-E8AEFB729B2A}.Release|Any CPU.ActiveCfg = Release|Any CPU
		{2503416C-6E5C-4AB8-899A-E8AEFB729B2A}.Release|Any CPU.Build.0 = Release|Any CPU
		{DA2B92D1-3A37-4735-BAF6-3202F4DE89F2}.Debug|Any CPU.ActiveCfg = Debug|Any CPU
		{DA2B92D1-3A37-4735-BAF6-3202F4DE89F2}.Debug|Any CPU.Build.0 = Debug|Any CPU
		{DA2B92D1-3A37-4735-BAF6-3202F4DE89F2}.Release|Any CPU.ActiveCfg = Release|Any CPU
		{DA2B92D1-3A37-4735-BAF6-3202F4DE89F2}.Release|Any CPU.Build.0 = Release|Any CPU
		{80FEAA7C-3496-4B5F-ADB9-C191772D8D0F}.Debug|Any CPU.ActiveCfg = Debug|Any CPU
		{80FEAA7C-3496-4B5F-ADB9-C191772D8D0F}.Debug|Any CPU.Build.0 = Debug|Any CPU
		{80FEAA7C-3496-4B5F-ADB9-C191772D8D0F}.Release|Any CPU.ActiveCfg = Release|Any CPU
		{80FEAA7C-3496-4B5F-ADB9-C191772D8D0F}.Release|Any CPU.Build.0 = Release|Any CPU
		{F0562FF1-F316-4DD3-AB5D-B04498975175}.Debug|Any CPU.ActiveCfg = Debug|Any CPU
		{F0562FF1-F316-4DD3-AB5D-B04498975175}.Debug|Any CPU.Build.0 = Debug|Any CPU
		{F0562FF1-F316-4DD3-AB5D-B04498975175}.Release|Any CPU.ActiveCfg = Release|Any CPU
		{F0562FF1-F316-4DD3-AB5D-B04498975175}.Release|Any CPU.Build.0 = Release|Any CPU
		{8C5DC74F-0D6A-482D-839C-E085261AC6AC}.Debug|Any CPU.ActiveCfg = Debug|Any CPU
		{8C5DC74F-0D6A-482D-839C-E085261AC6AC}.Debug|Any CPU.Build.0 = Debug|Any CPU
		{8C5DC74F-0D6A-482D-839C-E085261AC6AC}.Release|Any CPU.ActiveCfg = Release|Any CPU
		{8C5DC74F-0D6A-482D-839C-E085261AC6AC}.Release|Any CPU.Build.0 = Release|Any CPU
		{CC6AF4D4-7CC4-4163-A56B-066EDB389367}.Debug|Any CPU.ActiveCfg = Debug|Any CPU
		{CC6AF4D4-7CC4-4163-A56B-066EDB389367}.Debug|Any CPU.Build.0 = Debug|Any CPU
		{CC6AF4D4-7CC4-4163-A56B-066EDB389367}.Release|Any CPU.ActiveCfg = Release|Any CPU
		{CC6AF4D4-7CC4-4163-A56B-066EDB389367}.Release|Any CPU.Build.0 = Release|Any CPU
		{244D2301-9762-45D1-9032-8DADC35E0269}.Debug|Any CPU.ActiveCfg = Debug|Any CPU
		{244D2301-9762-45D1-9032-8DADC35E0269}.Debug|Any CPU.Build.0 = Debug|Any CPU
		{244D2301-9762-45D1-9032-8DADC35E0269}.Release|Any CPU.ActiveCfg = Release|Any CPU
		{244D2301-9762-45D1-9032-8DADC35E0269}.Release|Any CPU.Build.0 = Release|Any CPU
		{73A765E6-5653-454C-8D9A-2EF33BB1E686}.Debug|Any CPU.ActiveCfg = Debug|Any CPU
		{73A765E6-5653-454C-8D9A-2EF33BB1E686}.Debug|Any CPU.Build.0 = Debug|Any CPU
		{73A765E6-5653-454C-8D9A-2EF33BB1E686}.Release|Any CPU.ActiveCfg = Release|Any CPU
		{73A765E6-5653-454C-8D9A-2EF33BB1E686}.Release|Any CPU.Build.0 = Release|Any CPU
		{981262BC-7919-4C8E-98C6-554759DAF37C}.Debug|Any CPU.ActiveCfg = Debug|Any CPU
		{981262BC-7919-4C8E-98C6-554759DAF37C}.Debug|Any CPU.Build.0 = Debug|Any CPU
		{981262BC-7919-4C8E-98C6-554759DAF37C}.Release|Any CPU.ActiveCfg = Release|Any CPU
		{981262BC-7919-4C8E-98C6-554759DAF37C}.Release|Any CPU.Build.0 = Release|Any CPU
		{166E7AF7-4506-4198-B600-4A04BEEF5A49}.Debug|Any CPU.ActiveCfg = Debug|Any CPU
		{166E7AF7-4506-4198-B600-4A04BEEF5A49}.Debug|Any CPU.Build.0 = Debug|Any CPU
		{166E7AF7-4506-4198-B600-4A04BEEF5A49}.Release|Any CPU.ActiveCfg = Release|Any CPU
		{166E7AF7-4506-4198-B600-4A04BEEF5A49}.Release|Any CPU.Build.0 = Release|Any CPU
		{D817BA61-521F-43C1-AE7D-E04646F10E34}.Debug|Any CPU.ActiveCfg = Debug|Any CPU
		{D817BA61-521F-43C1-AE7D-E04646F10E34}.Debug|Any CPU.Build.0 = Debug|Any CPU
		{D817BA61-521F-43C1-AE7D-E04646F10E34}.Release|Any CPU.ActiveCfg = Release|Any CPU
		{D817BA61-521F-43C1-AE7D-E04646F10E34}.Release|Any CPU.Build.0 = Release|Any CPU
		{EED6F33A-D4BA-40B7-85B9-8E3E497F2A17}.Debug|Any CPU.ActiveCfg = Debug|Any CPU
		{EED6F33A-D4BA-40B7-85B9-8E3E497F2A17}.Debug|Any CPU.Build.0 = Debug|Any CPU
		{EED6F33A-D4BA-40B7-85B9-8E3E497F2A17}.Release|Any CPU.ActiveCfg = Release|Any CPU
		{EED6F33A-D4BA-40B7-85B9-8E3E497F2A17}.Release|Any CPU.Build.0 = Release|Any CPU
		{B41707F6-B6F4-436A-BAB7-B40C9F16D7C0}.Debug|Any CPU.ActiveCfg = Debug|Any CPU
		{B41707F6-B6F4-436A-BAB7-B40C9F16D7C0}.Debug|Any CPU.Build.0 = Debug|Any CPU
		{B41707F6-B6F4-436A-BAB7-B40C9F16D7C0}.Release|Any CPU.ActiveCfg = Release|Any CPU
		{B41707F6-B6F4-436A-BAB7-B40C9F16D7C0}.Release|Any CPU.Build.0 = Release|Any CPU
		{2AE1BBA3-D2E6-437F-B5BB-7D89D3ACD298}.Debug|Any CPU.ActiveCfg = Debug|Any CPU
		{2AE1BBA3-D2E6-437F-B5BB-7D89D3ACD298}.Debug|Any CPU.Build.0 = Debug|Any CPU
		{2AE1BBA3-D2E6-437F-B5BB-7D89D3ACD298}.Release|Any CPU.ActiveCfg = Release|Any CPU
		{2AE1BBA3-D2E6-437F-B5BB-7D89D3ACD298}.Release|Any CPU.Build.0 = Release|Any CPU
		{5D42CFF1-A086-45AB-A44C-89CC12628AD8}.Debug|Any CPU.ActiveCfg = Debug|Any CPU
		{5D42CFF1-A086-45AB-A44C-89CC12628AD8}.Debug|Any CPU.Build.0 = Debug|Any CPU
		{5D42CFF1-A086-45AB-A44C-89CC12628AD8}.Release|Any CPU.ActiveCfg = Release|Any CPU
		{5D42CFF1-A086-45AB-A44C-89CC12628AD8}.Release|Any CPU.Build.0 = Release|Any CPU
		{EF8CD990-2F06-406D-A5C3-4DFC6BD175A4}.Debug|Any CPU.ActiveCfg = Debug|Any CPU
		{EF8CD990-2F06-406D-A5C3-4DFC6BD175A4}.Debug|Any CPU.Build.0 = Debug|Any CPU
		{EF8CD990-2F06-406D-A5C3-4DFC6BD175A4}.Release|Any CPU.ActiveCfg = Release|Any CPU
		{EF8CD990-2F06-406D-A5C3-4DFC6BD175A4}.Release|Any CPU.Build.0 = Release|Any CPU
		{0DD7E625-AFBA-4320-A7ED-18CF261C758E}.Debug|Any CPU.ActiveCfg = Debug|Any CPU
		{0DD7E625-AFBA-4320-A7ED-18CF261C758E}.Debug|Any CPU.Build.0 = Debug|Any CPU
		{0DD7E625-AFBA-4320-A7ED-18CF261C758E}.Release|Any CPU.ActiveCfg = Release|Any CPU
		{0DD7E625-AFBA-4320-A7ED-18CF261C758E}.Release|Any CPU.Build.0 = Release|Any CPU
		{013C030B-C3A8-4143-89F8-513E3ABC3CA7}.Debug|Any CPU.ActiveCfg = Debug|Any CPU
		{013C030B-C3A8-4143-89F8-513E3ABC3CA7}.Debug|Any CPU.Build.0 = Debug|Any CPU
		{013C030B-C3A8-4143-89F8-513E3ABC3CA7}.Release|Any CPU.ActiveCfg = Release|Any CPU
		{013C030B-C3A8-4143-89F8-513E3ABC3CA7}.Release|Any CPU.Build.0 = Release|Any CPU
		{AD915CB4-D75C-411A-84E2-E43426F9896C}.Debug|Any CPU.ActiveCfg = Debug|Any CPU
		{AD915CB4-D75C-411A-84E2-E43426F9896C}.Debug|Any CPU.Build.0 = Debug|Any CPU
		{AD915CB4-D75C-411A-84E2-E43426F9896C}.Release|Any CPU.ActiveCfg = Release|Any CPU
		{AD915CB4-D75C-411A-84E2-E43426F9896C}.Release|Any CPU.Build.0 = Release|Any CPU
		{D08507F9-FB51-41C9-9AFD-020EE89DAE6C}.Debug|Any CPU.ActiveCfg = Debug|Any CPU
		{D08507F9-FB51-41C9-9AFD-020EE89DAE6C}.Debug|Any CPU.Build.0 = Debug|Any CPU
		{D08507F9-FB51-41C9-9AFD-020EE89DAE6C}.Release|Any CPU.ActiveCfg = Release|Any CPU
		{D08507F9-FB51-41C9-9AFD-020EE89DAE6C}.Release|Any CPU.Build.0 = Release|Any CPU
		{BF250622-F34F-422F-B5B0-6537F2546048}.Debug|Any CPU.ActiveCfg = Debug|Any CPU
		{BF250622-F34F-422F-B5B0-6537F2546048}.Debug|Any CPU.Build.0 = Debug|Any CPU
		{BF250622-F34F-422F-B5B0-6537F2546048}.Release|Any CPU.ActiveCfg = Release|Any CPU
		{BF250622-F34F-422F-B5B0-6537F2546048}.Release|Any CPU.Build.0 = Release|Any CPU
		{97FCBB98-9F1B-4DE1-8EFA-4A8EE72254C5}.Debug|Any CPU.ActiveCfg = Debug|Any CPU
		{97FCBB98-9F1B-4DE1-8EFA-4A8EE72254C5}.Debug|Any CPU.Build.0 = Debug|Any CPU
		{97FCBB98-9F1B-4DE1-8EFA-4A8EE72254C5}.Release|Any CPU.ActiveCfg = Release|Any CPU
		{97FCBB98-9F1B-4DE1-8EFA-4A8EE72254C5}.Release|Any CPU.Build.0 = Release|Any CPU
		{504EEB22-140A-4A97-B551-A2AA0B711865}.Debug|Any CPU.ActiveCfg = Debug|Any CPU
		{504EEB22-140A-4A97-B551-A2AA0B711865}.Debug|Any CPU.Build.0 = Debug|Any CPU
		{504EEB22-140A-4A97-B551-A2AA0B711865}.Release|Any CPU.ActiveCfg = Release|Any CPU
		{504EEB22-140A-4A97-B551-A2AA0B711865}.Release|Any CPU.Build.0 = Release|Any CPU
		{50CC7B41-2A42-43A3-95F3-37619DCD3DAF}.Debug|Any CPU.ActiveCfg = Debug|Any CPU
		{50CC7B41-2A42-43A3-95F3-37619DCD3DAF}.Debug|Any CPU.Build.0 = Debug|Any CPU
		{50CC7B41-2A42-43A3-95F3-37619DCD3DAF}.Release|Any CPU.ActiveCfg = Release|Any CPU
		{50CC7B41-2A42-43A3-95F3-37619DCD3DAF}.Release|Any CPU.Build.0 = Release|Any CPU
		{31A66DF7-AF19-4E4A-B6D2-3FB9CAB17C61}.Debug|Any CPU.ActiveCfg = Debug|Any CPU
		{31A66DF7-AF19-4E4A-B6D2-3FB9CAB17C61}.Debug|Any CPU.Build.0 = Debug|Any CPU
		{31A66DF7-AF19-4E4A-B6D2-3FB9CAB17C61}.Release|Any CPU.ActiveCfg = Release|Any CPU
		{31A66DF7-AF19-4E4A-B6D2-3FB9CAB17C61}.Release|Any CPU.Build.0 = Release|Any CPU
		{2FE21481-1119-42E5-9A7F-6B23A58764FE}.Debug|Any CPU.ActiveCfg = Debug|Any CPU
		{2FE21481-1119-42E5-9A7F-6B23A58764FE}.Debug|Any CPU.Build.0 = Debug|Any CPU
		{2FE21481-1119-42E5-9A7F-6B23A58764FE}.Release|Any CPU.ActiveCfg = Release|Any CPU
		{2FE21481-1119-42E5-9A7F-6B23A58764FE}.Release|Any CPU.Build.0 = Release|Any CPU
		{A3F1AB2F-4281-453A-95FC-D41CE72F8560}.Debug|Any CPU.ActiveCfg = Debug|Any CPU
		{A3F1AB2F-4281-453A-95FC-D41CE72F8560}.Debug|Any CPU.Build.0 = Debug|Any CPU
		{A3F1AB2F-4281-453A-95FC-D41CE72F8560}.Release|Any CPU.ActiveCfg = Release|Any CPU
		{A3F1AB2F-4281-453A-95FC-D41CE72F8560}.Release|Any CPU.Build.0 = Release|Any CPU
	EndGlobalSection
	GlobalSection(SolutionProperties) = preSolution
		HideSolutionNode = FALSE
	EndGlobalSection
	GlobalSection(NestedProjects) = preSolution
		{4C66E310-4C81-4FB7-AC65-F6A98D450DFD} = {DE9C2F2A-50A8-4713-8AAD-EB3A5670605C}
		{88B161E8-5B15-4FEB-B2B0-258B05DBC89F} = {DE9C2F2A-50A8-4713-8AAD-EB3A5670605C}
		{D07BDDF7-E47C-471C-8E67-FDFF2A4062A1} = {DE9C2F2A-50A8-4713-8AAD-EB3A5670605C}
		{5A3E38CB-21AF-49F4-B486-ACAAC56C20A4} = {DE9C2F2A-50A8-4713-8AAD-EB3A5670605C}
		{E36670D1-C47B-4CC4-B19C-8AC01AF0E4AB} = {5A3E38CB-21AF-49F4-B486-ACAAC56C20A4}
		{AF81032D-949A-4066-AAEE-C1E4F2DAD3B3} = {5A3E38CB-21AF-49F4-B486-ACAAC56C20A4}
		{1FD9E7C3-8F07-4E00-BFB7-0FEA66E6F629} = {DE9C2F2A-50A8-4713-8AAD-EB3A5670605C}
		{42313900-7745-46E3-8D84-5DF5C09456B6} = {1FD9E7C3-8F07-4E00-BFB7-0FEA66E6F629}
		{E55E3613-CE70-4766-97F7-EFAFEF1565CB} = {1FD9E7C3-8F07-4E00-BFB7-0FEA66E6F629}
		{D5079FD7-8AC2-4262-8E03-5FF6BE0E70FB} = {1FD9E7C3-8F07-4E00-BFB7-0FEA66E6F629}
		{9A23C4DB-4F63-4B2D-AFD7-1345A2A74969} = {DE9C2F2A-50A8-4713-8AAD-EB3A5670605C}
		{4AC502E0-997C-4B49-9061-7DDD1CB3FEE6} = {DE9C2F2A-50A8-4713-8AAD-EB3A5670605C}
		{F48BFE0D-112A-4FA8-BCD0-E266B46C0706} = {D07BDDF7-E47C-471C-8E67-FDFF2A4062A1}
		{E023876E-6F1E-4423-9848-8D6B8267387F} = {D07BDDF7-E47C-471C-8E67-FDFF2A4062A1}
		{F61C5F6A-6C1B-4886-98B1-DAAFA54960E9} = {DE9C2F2A-50A8-4713-8AAD-EB3A5670605C}
		{2635A665-FCE1-4BE0-9B38-FB5BA61D2DE4} = {4AC502E0-997C-4B49-9061-7DDD1CB3FEE6}
		{27ECB5FA-4BCE-4AB6-B2A4-F7D44EB3186D} = {4AC502E0-997C-4B49-9061-7DDD1CB3FEE6}
		{A4C3FC36-5E86-4D32-99A7-68DE9A890F4B} = {4AC502E0-997C-4B49-9061-7DDD1CB3FEE6}
		{E1AE3606-F7C1-499E-9A09-F3A86AEAF0FA} = {4C5EE3C4-5138-44F7-B500-279E7777E1DA}
		{DAD51DE4-4BF3-455B-A6AC-64D4468D79DC} = {E1AE3606-F7C1-499E-9A09-F3A86AEAF0FA}
		{3F1AD0CF-BF70-4F1D-94DD-D03CC0063268} = {3E26E704-B3B1-4122-AD96-F3CD4D8A53A1}
		{2EBD8A4A-176B-4C0F-80CC-F0BC423A8C82} = {DAD51DE4-4BF3-455B-A6AC-64D4468D79DC}
		{0312D2A4-2975-4C83-B588-97F074501A64} = {DAD51DE4-4BF3-455B-A6AC-64D4468D79DC}
		{63F81795-CF7C-4581-9C3B-F8931932D518} = {E36670D1-C47B-4CC4-B19C-8AC01AF0E4AB}
		{7D36A9B1-DBD9-4DE4-AABF-9B8934F73630} = {E36670D1-C47B-4CC4-B19C-8AC01AF0E4AB}
		{D37F34F6-0DDD-4AD4-8CCB-39E5C7D914FC} = {2635A665-FCE1-4BE0-9B38-FB5BA61D2DE4}
		{95041925-DFB4-43EF-A8B8-F3EEBE270D09} = {2635A665-FCE1-4BE0-9B38-FB5BA61D2DE4}
		{C134DE6B-EA28-45FC-90DB-89708F8A4F67} = {A4C3FC36-5E86-4D32-99A7-68DE9A890F4B}
		{6D1B567F-C3A1-4A50-B168-CFDD164DD84B} = {A4C3FC36-5E86-4D32-99A7-68DE9A890F4B}
		{F045E574-E361-4B1B-AFC0-645BFEA218EC} = {27ECB5FA-4BCE-4AB6-B2A4-F7D44EB3186D}
		{7D91F88B-CE6B-4876-9B4F-769B71BF68B0} = {27ECB5FA-4BCE-4AB6-B2A4-F7D44EB3186D}
		{9F2ED752-7E0A-45CD-89D9-6D234892FDC5} = {05384C08-882E-4468-8751-619EFD19F7A0}
		{8E45CBC8-7C4E-4194-80D6-03DF427510CE} = {9F2ED752-7E0A-45CD-89D9-6D234892FDC5}
		{2F1AFCC7-AC3F-40EF-8CB1-838953D19434} = {9F2ED752-7E0A-45CD-89D9-6D234892FDC5}
		{1557D56D-0AFB-4408-AFF2-653747E924E2} = {9F2ED752-7E0A-45CD-89D9-6D234892FDC5}
		{3D6F2D0D-B1A8-48E5-AF5A-6ADC2B15A4BB} = {1557D56D-0AFB-4408-AFF2-653747E924E2}
		{F0906B40-DAE1-4DE8-815D-773C8E14FBAA} = {1557D56D-0AFB-4408-AFF2-653747E924E2}
		{65FAA004-02AE-4A92-AC53-2F14E39789D0} = {9F2ED752-7E0A-45CD-89D9-6D234892FDC5}
		{60106D8E-5B86-4BF1-A720-D95992019BD6} = {65FAA004-02AE-4A92-AC53-2F14E39789D0}
		{8D8B913D-11E0-40EF-8278-508D352645E4} = {65FAA004-02AE-4A92-AC53-2F14E39789D0}
		{7C9C343F-A36A-4911-82E7-10559A8F1D58} = {2F1AFCC7-AC3F-40EF-8CB1-838953D19434}
		{0D90F1CD-59C9-4305-B3F5-E00FCC224697} = {8E45CBC8-7C4E-4194-80D6-03DF427510CE}
		{92C52624-5DFC-4747-B428-FD3D2A6B490E} = {9F2ED752-7E0A-45CD-89D9-6D234892FDC5}
		{6FA37CDE-B320-4B83-B5BD-55E8900238CD} = {92C52624-5DFC-4747-B428-FD3D2A6B490E}
		{AE8EB8DB-9949-4C9A-98B2-012F49326BE5} = {92C52624-5DFC-4747-B428-FD3D2A6B490E}
		{1EF7B159-DBAC-49FC-8561-7AF3954A344F} = {8E45CBC8-7C4E-4194-80D6-03DF427510CE}
		{4677C99E-FD52-4BE4-A59E-DD29825E8E8A} = {9F2ED752-7E0A-45CD-89D9-6D234892FDC5}
		{3A50E0C3-02DF-4F56-9873-EC128F1E9C13} = {4677C99E-FD52-4BE4-A59E-DD29825E8E8A}
		{37E9D505-51D5-48C4-BE84-07BD4C6CB166} = {4677C99E-FD52-4BE4-A59E-DD29825E8E8A}
		{1EF407F7-CE17-476E-ACE3-B81EC277042F} = {9F2ED752-7E0A-45CD-89D9-6D234892FDC5}
		{21E70650-46F1-4C6D-957D-6A8C7ECFE827} = {1EF407F7-CE17-476E-ACE3-B81EC277042F}
		{D5C2FC5D-D501-475F-A055-13CE2691AB4C} = {1EF407F7-CE17-476E-ACE3-B81EC277042F}
		{2CC03B94-0D13-466A-9688-A49078384FE6} = {DE9C2F2A-50A8-4713-8AAD-EB3A5670605C}
		{05384C08-882E-4468-8751-619EFD19F7A0} = {DE9C2F2A-50A8-4713-8AAD-EB3A5670605C}
		{CE8F82AE-BC2C-4624-A401-AEC2796EB15F} = {05384C08-882E-4468-8751-619EFD19F7A0}
		{3F537339-7B85-4CDE-8BD9-17A65F309E83} = {CE8F82AE-BC2C-4624-A401-AEC2796EB15F}
		{DDE35173-526D-4CCE-812E-4A6963666B14} = {CE8F82AE-BC2C-4624-A401-AEC2796EB15F}
		{6C91699E-17E6-42E7-B728-89D70FBD8687} = {5A3E38CB-21AF-49F4-B486-ACAAC56C20A4}
		{CF434619-76E2-4EA9-8020-72120EA21E3A} = {6C91699E-17E6-42E7-B728-89D70FBD8687}
		{D485FFE0-D331-4958-A2A9-FEC3A754666C} = {6C91699E-17E6-42E7-B728-89D70FBD8687}
		{D2D55630-F55B-41A3-8988-0BFC7663BCC5} = {5DE88D40-3CAE-4EA1-8D2D-D21B6A8A4361}
		{E6E390AA-D435-4F82-B503-05D94FB33EB6} = {5DE88D40-3CAE-4EA1-8D2D-D21B6A8A4361}
		{5DE88D40-3CAE-4EA1-8D2D-D21B6A8A4361} = {E776D6C9-43A5-4B3A-B543-6D4B8A431098}
		{0039A246-3B89-4656-88F8-701798CD8784} = {E776D6C9-43A5-4B3A-B543-6D4B8A431098}
		{FB0247F7-7677-461C-9F33-97B057787EC2} = {0039A246-3B89-4656-88F8-701798CD8784}
		{25C802DE-C1EC-4340-A958-6D8523BBBCAF} = {0039A246-3B89-4656-88F8-701798CD8784}
		{960981D8-4AC9-412D-939C-62946D592D6C} = {1FD9E7C3-8F07-4E00-BFB7-0FEA66E6F629}
		{994F3C82-C4CB-4FB6-BE7B-2A66F1CA07D4} = {960981D8-4AC9-412D-939C-62946D592D6C}
		{61E001F7-EAA7-4E36-837A-F262A4AA1901} = {960981D8-4AC9-412D-939C-62946D592D6C}
		{B9E6FABD-7E30-4765-B419-D807F88E3411} = {E55E3613-CE70-4766-97F7-EFAFEF1565CB}
		{E776D6C9-43A5-4B3A-B543-6D4B8A431098} = {2CC03B94-0D13-466A-9688-A49078384FE6}
		{BA675628-AE30-4011-B9AA-F5F3C2D1C074} = {F48BFE0D-112A-4FA8-BCD0-E266B46C0706}
		{D29CFE85-6264-4BAD-8051-7A990048C20F} = {F48BFE0D-112A-4FA8-BCD0-E266B46C0706}
		{0A31D0B8-4A17-4D41-A8AC-5361F7A9A6ED} = {E55E3613-CE70-4766-97F7-EFAFEF1565CB}
		{A53B6DB0-091F-4A22-A56A-0A868C8593AD} = {0A31D0B8-4A17-4D41-A8AC-5361F7A9A6ED}
		{9879C2A9-177B-46B7-936F-394F24C8A5BA} = {0A31D0B8-4A17-4D41-A8AC-5361F7A9A6ED}
		{5F0FA5CC-1ED9-40C5-81AF-C3F47FEA101E} = {B9E6FABD-7E30-4765-B419-D807F88E3411}
		{74FF27C2-731B-417B-9771-8B33A6423127} = {B9E6FABD-7E30-4765-B419-D807F88E3411}
		{17A71711-BEA3-49B0-BB6A-0A6551CC2331} = {42313900-7745-46E3-8D84-5DF5C09456B6}
		{E6C5B47D-1627-42E9-A75A-0EE473BF47C0} = {17A71711-BEA3-49B0-BB6A-0A6551CC2331}
		{2AC12804-FC42-4D6C-BFF8-9B3F3797E876} = {E6C5B47D-1627-42E9-A75A-0EE473BF47C0}
		{C21E8245-17C8-4140-82E0-E4DAE2454CD2} = {42313900-7745-46E3-8D84-5DF5C09456B6}
		{3D933D13-E31F-4CF0-BEC7-EE687544C879} = {C21E8245-17C8-4140-82E0-E4DAE2454CD2}
		{47467108-8443-4002-973A-0C04556B517A} = {C21E8245-17C8-4140-82E0-E4DAE2454CD2}
		{F6FD4003-29F5-44A0-9C12-071568A1CF43} = {E6C5B47D-1627-42E9-A75A-0EE473BF47C0}
		{B0F5BD8F-FFFD-4368-ADFD-73E20952C150} = {D5079FD7-8AC2-4262-8E03-5FF6BE0E70FB}
		{0FF90D7A-9C52-48DF-84D8-233BF55C9696} = {B0F5BD8F-FFFD-4368-ADFD-73E20952C150}
		{F2C97BE5-1871-420C-B130-B812237A2BCD} = {B0F5BD8F-FFFD-4368-ADFD-73E20952C150}
		{6BEC3A63-FF6C-4E99-A24C-658606E601E5} = {B0F5BD8F-FFFD-4368-ADFD-73E20952C150}
		{D3BEEB01-384F-46AA-8FAF-ED2A7C4792DF} = {0FF90D7A-9C52-48DF-84D8-233BF55C9696}
		{C78B3F06-F090-4151-B947-E7C9697A0569} = {0FF90D7A-9C52-48DF-84D8-233BF55C9696}
		{6C8D8DEC-4C58-4D49-AA26-BA1188025669} = {D3BEEB01-384F-46AA-8FAF-ED2A7C4792DF}
		{8195F277-2D18-4A7B-839F-9696FDC2570C} = {F2C97BE5-1871-420C-B130-B812237A2BCD}
		{1E1354D2-FA62-41B1-A76B-7DFC0E4A0144} = {F2C97BE5-1871-420C-B130-B812237A2BCD}
		{92C9BFEE-33A5-41F2-BCCF-DA5D00A2C08A} = {F2C97BE5-1871-420C-B130-B812237A2BCD}
		{3A25C0F6-8BF8-4058-A44D-E1807DA57620} = {8195F277-2D18-4A7B-839F-9696FDC2570C}
		{E5E2D602-2F95-4F76-AA18-4F1A8B83CA73} = {8195F277-2D18-4A7B-839F-9696FDC2570C}
		{4CA0CD75-8674-4D3A-9FDB-22F38EE67339} = {92C9BFEE-33A5-41F2-BCCF-DA5D00A2C08A}
		{583301B0-89D4-4407-BE68-C9BFC9FE5D61} = {92C9BFEE-33A5-41F2-BCCF-DA5D00A2C08A}
		{1CAE705E-11E2-49A5-BFB4-D49B89691670} = {1E1354D2-FA62-41B1-A76B-7DFC0E4A0144}
		{BEE57995-4EF7-4F6C-8E44-29A17C073C68} = {1E1354D2-FA62-41B1-A76B-7DFC0E4A0144}
		{0553614B-2E6D-4552-984E-8D60A476015A} = {4C66E310-4C81-4FB7-AC65-F6A98D450DFD}
		{2BD2395D-112D-467C-9951-22FBAB78353C} = {A2FDAA64-E887-44B9-88E0-00D096070798}
		{BFD712E6-BDC7-4543-9215-B30360166214} = {88B161E8-5B15-4FEB-B2B0-258B05DBC89F}
		{B9CF47E6-50A5-474E-AE1C-696197678246} = {DE9C2F2A-50A8-4713-8AAD-EB3A5670605C}
		{D4DB4A8E-C47A-4040-ACAD-2C5CDA7540B8} = {B9CF47E6-50A5-474E-AE1C-696197678246}
		{337D9980-6417-4CD4-966E-58E23E5B6D83} = {A520B61E-8EFA-4973-BB19-EA5DBCE1906C}
		{A520B61E-8EFA-4973-BB19-EA5DBCE1906C} = {D4DB4A8E-C47A-4040-ACAD-2C5CDA7540B8}
		{8F0F8E3B-3BF5-4A54-9C3F-824630DF15E2} = {D4DB4A8E-C47A-4040-ACAD-2C5CDA7540B8}
		{F4FB1DBE-32C7-4AAD-9D12-94197D371737} = {8F0F8E3B-3BF5-4A54-9C3F-824630DF15E2}
		{EDE0919A-0FFD-44C6-8E92-2CE5CD8812C6} = {8F0F8E3B-3BF5-4A54-9C3F-824630DF15E2}
		{0126CBA9-DE96-42E6-9A84-512DC7EC8046} = {A520B61E-8EFA-4973-BB19-EA5DBCE1906C}
		{A2FDAA64-E887-44B9-88E0-00D096070798} = {3F1AD0CF-BF70-4F1D-94DD-D03CC0063268}
		{FF18701A-CC1B-4F52-AA37-C6C8F2A7AEF2} = {DDE35173-526D-4CCE-812E-4A6963666B14}
		{E39D4318-5E59-481D-A84D-A2B538154E91} = {3E26E704-B3B1-4122-AD96-F3CD4D8A53A1}
		{3F0F31B1-220F-4EDE-A941-80D9BFC82F24} = {E39D4318-5E59-481D-A84D-A2B538154E91}
		{64CE0C1A-3A99-4380-9AA8-7382143204F8} = {DE9C2F2A-50A8-4713-8AAD-EB3A5670605C}
		{B45D2CCA-5928-4404-8904-0B95F8966090} = {9A23C4DB-4F63-4B2D-AFD7-1345A2A74969}
		{F5269F7B-6251-4443-8214-338FF7A06193} = {B45D2CCA-5928-4404-8904-0B95F8966090}
		{29471D1C-BEFE-43E3-A799-58C1EA805AF9} = {F5269F7B-6251-4443-8214-338FF7A06193}
		{BAFDB295-48C2-4B1C-AB25-DAC69E616539} = {F5269F7B-6251-4443-8214-338FF7A06193}
		{38F9F948-2040-401E-B622-C4E57C994B27} = {64CE0C1A-3A99-4380-9AA8-7382143204F8}
		{BD77AA8C-4997-46C3-AD59-097176A7525D} = {38F9F948-2040-401E-B622-C4E57C994B27}
		{7BAB61CB-DB77-480E-AC4A-C0169BC0F2BF} = {B45D2CCA-5928-4404-8904-0B95F8966090}
		{BC0050A1-10AE-4B44-84D8-F0412B5CC676} = {7BAB61CB-DB77-480E-AC4A-C0169BC0F2BF}
		{FD77EB91-3F7B-4F63-A385-0996F01D50CC} = {7BAB61CB-DB77-480E-AC4A-C0169BC0F2BF}
		{89FEA30F-FE7B-43F8-BB64-DF97E0E8DA09} = {64CE0C1A-3A99-4380-9AA8-7382143204F8}
		{03911FE5-B1EB-4328-B725-39FAEB51C4F9} = {89FEA30F-FE7B-43F8-BB64-DF97E0E8DA09}
		{C01543FB-E6F2-4AA3-8A37-30FD3A0D733F} = {89FEA30F-FE7B-43F8-BB64-DF97E0E8DA09}
		{7F59A709-BBDB-4ACE-B977-BCFFF05BEB1D} = {9A23C4DB-4F63-4B2D-AFD7-1345A2A74969}
		{8DB26B72-65F7-4F5F-9523-1BF09F2707AF} = {7F59A709-BBDB-4ACE-B977-BCFFF05BEB1D}
		{D226A840-CDE4-4228-B9A9-8E7758E0B72E} = {3F537339-7B85-4CDE-8BD9-17A65F309E83}
		{5C14C036-02AD-43A7-859A-FE77B7B2024F} = {CE8F82AE-BC2C-4624-A401-AEC2796EB15F}
		{ADC89A7A-D07E-4142-AAB2-1C180FECAC3A} = {5C14C036-02AD-43A7-859A-FE77B7B2024F}
		{B75520B1-E8EF-4002-9A13-DB2A29D5861B} = {5C14C036-02AD-43A7-859A-FE77B7B2024F}
		{D798013F-64DD-4506-B8B0-A3234D75C6D2} = {CE8F82AE-BC2C-4624-A401-AEC2796EB15F}
		{2503416C-6E5C-4AB8-899A-E8AEFB729B2A} = {D798013F-64DD-4506-B8B0-A3234D75C6D2}
		{B4694C3A-67C1-4AB9-938E-2675C11E91CF} = {CE8F82AE-BC2C-4624-A401-AEC2796EB15F}
		{67A3516C-44EA-4A9A-A0A5-7EE44AFA7962} = {B4694C3A-67C1-4AB9-938E-2675C11E91CF}
		{DA2B92D1-3A37-4735-BAF6-3202F4DE89F2} = {67A3516C-44EA-4A9A-A0A5-7EE44AFA7962}
		{80FEAA7C-3496-4B5F-ADB9-C191772D8D0F} = {67A3516C-44EA-4A9A-A0A5-7EE44AFA7962}
		{26BBCD74-DB9A-4107-B014-EEA1B1EE0848} = {B4694C3A-67C1-4AB9-938E-2675C11E91CF}
		{F0562FF1-F316-4DD3-AB5D-B04498975175} = {26BBCD74-DB9A-4107-B014-EEA1B1EE0848}
		{8C5DC74F-0D6A-482D-839C-E085261AC6AC} = {26BBCD74-DB9A-4107-B014-EEA1B1EE0848}
		{84B5928A-40AC-4839-AB53-A5F46138CC04} = {CE8F82AE-BC2C-4624-A401-AEC2796EB15F}
		{CC6AF4D4-7CC4-4163-A56B-066EDB389367} = {84B5928A-40AC-4839-AB53-A5F46138CC04}
		{F5583575-E2C7-4112-AF6D-02D636D8DA84} = {B4694C3A-67C1-4AB9-938E-2675C11E91CF}
		{244D2301-9762-45D1-9032-8DADC35E0269} = {F5583575-E2C7-4112-AF6D-02D636D8DA84}
		{73A765E6-5653-454C-8D9A-2EF33BB1E686} = {F5583575-E2C7-4112-AF6D-02D636D8DA84}
		{981262BC-7919-4C8E-98C6-554759DAF37C} = {3F537339-7B85-4CDE-8BD9-17A65F309E83}
		{166E7AF7-4506-4198-B600-4A04BEEF5A49} = {84B5928A-40AC-4839-AB53-A5F46138CC04}
		{531BF609-5B40-41E1-B319-4475BB0734FA} = {B4694C3A-67C1-4AB9-938E-2675C11E91CF}
		{D817BA61-521F-43C1-AE7D-E04646F10E34} = {531BF609-5B40-41E1-B319-4475BB0734FA}
		{EED6F33A-D4BA-40B7-85B9-8E3E497F2A17} = {531BF609-5B40-41E1-B319-4475BB0734FA}
		{B41707F6-B6F4-436A-BAB7-B40C9F16D7C0} = {7F59A709-BBDB-4ACE-B977-BCFFF05BEB1D}
		{2AE1BBA3-D2E6-437F-B5BB-7D89D3ACD298} = {AF81032D-949A-4066-AAEE-C1E4F2DAD3B3}
		{89FFC700-27A3-4B0E-A4E0-5B73858CEA72} = {3F1AD0CF-BF70-4F1D-94DD-D03CC0063268}
		{C3883AA3-DA10-4A28-B908-909FB4A11305} = {89FFC700-27A3-4B0E-A4E0-5B73858CEA72}
		{A0542A61-6E50-4ECD-A17C-806303738669} = {C3883AA3-DA10-4A28-B908-909FB4A11305}
		{5D42CFF1-A086-45AB-A44C-89CC12628AD8} = {A0542A61-6E50-4ECD-A17C-806303738669}
		{EF8CD990-2F06-406D-A5C3-4DFC6BD175A4} = {A0542A61-6E50-4ECD-A17C-806303738669}
		{F7025F35-D8F7-4B43-AB9D-9044A9042275} = {E39D4318-5E59-481D-A84D-A2B538154E91}
		{7B1B1700-6573-4949-BF19-FEA81D777AE1} = {F7025F35-D8F7-4B43-AB9D-9044A9042275}
		{0DD7E625-AFBA-4320-A7ED-18CF261C758E} = {DBECC9D3-B1BB-434C-8267-27129478A0B0}
		{013C030B-C3A8-4143-89F8-513E3ABC3CA7} = {DBECC9D3-B1BB-434C-8267-27129478A0B0}
		{EAABCC3D-FAF3-4533-B62A-6BFF18C12FEF} = {F7025F35-D8F7-4B43-AB9D-9044A9042275}
		{AD915CB4-D75C-411A-84E2-E43426F9896C} = {EAABCC3D-FAF3-4533-B62A-6BFF18C12FEF}
		{D08507F9-FB51-41C9-9AFD-020EE89DAE6C} = {EAABCC3D-FAF3-4533-B62A-6BFF18C12FEF}
		{FE18EFCB-9F35-4D1C-8B45-21A745B25C50} = {E1AE3606-F7C1-499E-9A09-F3A86AEAF0FA}
		{BF250622-F34F-422F-B5B0-6537F2546048} = {FE18EFCB-9F35-4D1C-8B45-21A745B25C50}
		{97FCBB98-9F1B-4DE1-8EFA-4A8EE72254C5} = {FE18EFCB-9F35-4D1C-8B45-21A745B25C50}
		{FCCC6F58-8DAF-4299-8E11-EB9C07EF6E1C} = {F7025F35-D8F7-4B43-AB9D-9044A9042275}
		{AE98FBDB-F191-461C-8E1A-26F40CB38155} = {FCCC6F58-8DAF-4299-8E11-EB9C07EF6E1C}
		{504EEB22-140A-4A97-B551-A2AA0B711865} = {AE98FBDB-F191-461C-8E1A-26F40CB38155}
		{50CC7B41-2A42-43A3-95F3-37619DCD3DAF} = {89FEA30F-FE7B-43F8-BB64-DF97E0E8DA09}
		{31A66DF7-AF19-4E4A-B6D2-3FB9CAB17C61} = {89FEA30F-FE7B-43F8-BB64-DF97E0E8DA09}
		{DBECC9D3-B1BB-434C-8267-27129478A0B0} = {7B1B1700-6573-4949-BF19-FEA81D777AE1}
		{B842F22C-702B-46EF-A32A-0DBDC8D0AA87} = {7B1B1700-6573-4949-BF19-FEA81D777AE1}
		{2FE21481-1119-42E5-9A7F-6B23A58764FE} = {B842F22C-702B-46EF-A32A-0DBDC8D0AA87}
		{A3F1AB2F-4281-453A-95FC-D41CE72F8560} = {B842F22C-702B-46EF-A32A-0DBDC8D0AA87}
	EndGlobalSection
	GlobalSection(ExtensibilityGlobals) = postSolution
		SolutionGuid = {30FC9563-F44D-425F-954C-47543FB38B98}
	EndGlobalSection
EndGlobal
