
Microsoft Visual Studio Solution File, Format Version 12.00
# Visual Studio 15
VisualStudioVersion = 15.0.28307.572
MinimumVisualStudioVersion = 10.0.40219.1
Project("{2150E333-8FDC-42A3-9474-1A3956D46DE8}") = "UserInterface", "UserInterface", "{3E26E704-B3B1-4122-AD96-F3CD4D8A53A1}"
EndProject
Project("{2150E333-8FDC-42A3-9474-1A3956D46DE8}") = "RssReaderCore", "RssReaderCore", "{DE9C2F2A-50A8-4713-8AAD-EB3A5670605C}"
EndProject
Project("{2150E333-8FDC-42A3-9474-1A3956D46DE8}") = "Container", "Container", "{4C66E310-4C81-4FB7-AC65-F6A98D450DFD}"
EndProject
Project("{2150E333-8FDC-42A3-9474-1A3956D46DE8}") = "StartUp", "StartUp", "{88B161E8-5B15-4FEB-B2B0-258B05DBC89F}"
EndProject
Project("{2150E333-8FDC-42A3-9474-1A3956D46DE8}") = "Repositories", "Repositories", "{D07BDDF7-E47C-471C-8E67-FDFF2A4062A1}"
EndProject
Project("{2150E333-8FDC-42A3-9474-1A3956D46DE8}") = "Models", "Models", "{5A3E38CB-21AF-49F4-B486-ACAAC56C20A4}"
EndProject
Project("{2150E333-8FDC-42A3-9474-1A3956D46DE8}") = "BaseModel", "BaseModel", "{E36670D1-C47B-4CC4-B19C-8AC01AF0E4AB}"
EndProject
Project("{2150E333-8FDC-42A3-9474-1A3956D46DE8}") = "GeneratedModels", "GeneratedModels", "{AF81032D-949A-4066-AAEE-C1E4F2DAD3B3}"
EndProject
Project("{2150E333-8FDC-42A3-9474-1A3956D46DE8}") = "ModelFactory", "ModelFactory", "{1FD9E7C3-8F07-4E00-BFB7-0FEA66E6F629}"
EndProject
Project("{2150E333-8FDC-42A3-9474-1A3956D46DE8}") = "Format", "Format", "{42313900-7745-46E3-8D84-5DF5C09456B6}"
EndProject
Project("{2150E333-8FDC-42A3-9474-1A3956D46DE8}") = "Validator", "Validator", "{E55E3613-CE70-4766-97F7-EFAFEF1565CB}"
EndProject
Project("{2150E333-8FDC-42A3-9474-1A3956D46DE8}") = "Interpretator", "Interpretator", "{D5079FD7-8AC2-4262-8E03-5FF6BE0E70FB}"
EndProject
Project("{2150E333-8FDC-42A3-9474-1A3956D46DE8}") = "Utility", "Utility", "{9A23C4DB-4F63-4B2D-AFD7-1345A2A74969}"
EndProject
Project("{2150E333-8FDC-42A3-9474-1A3956D46DE8}") = "Wrappers", "Wrappers", "{4AC502E0-997C-4B49-9061-7DDD1CB3FEE6}"
EndProject
Project("{2150E333-8FDC-42A3-9474-1A3956D46DE8}") = "BaseModel", "BaseModel", "{F48BFE0D-112A-4FA8-BCD0-E266B46C0706}"
EndProject
Project("{2150E333-8FDC-42A3-9474-1A3956D46DE8}") = "GeneratedModels", "GeneratedModels", "{E023876E-6F1E-4423-9848-8D6B8267387F}"
EndProject
Project("{2150E333-8FDC-42A3-9474-1A3956D46DE8}") = "Config", "Config", "{F61C5F6A-6C1B-4886-98B1-DAAFA54960E9}"
EndProject
Project("{2150E333-8FDC-42A3-9474-1A3956D46DE8}") = "DateTime", "DateTime", "{2635A665-FCE1-4BE0-9B38-FB5BA61D2DE4}"
EndProject
Project("{2150E333-8FDC-42A3-9474-1A3956D46DE8}") = "XDocument", "XDocument", "{27ECB5FA-4BCE-4AB6-B2A4-F7D44EB3186D}"
EndProject
Project("{2150E333-8FDC-42A3-9474-1A3956D46DE8}") = "WebClient", "WebClient", "{A4C3FC36-5E86-4D32-99A7-68DE9A890F4B}"
EndProject
Project("{2150E333-8FDC-42A3-9474-1A3956D46DE8}") = "Utility", "Utility", "{4C5EE3C4-5138-44F7-B500-279E7777E1DA}"
EndProject
Project("{2150E333-8FDC-42A3-9474-1A3956D46DE8}") = "Wrappers", "Wrappers", "{E1AE3606-F7C1-499E-9A09-F3A86AEAF0FA}"
EndProject
Project("{2150E333-8FDC-42A3-9474-1A3956D46DE8}") = "HttpClientFactoryWrapper", "HttpClientFactoryWrapper", "{DAD51DE4-4BF3-455B-A6AC-64D4468D79DC}"
EndProject
Project("{2150E333-8FDC-42A3-9474-1A3956D46DE8}") = "API", "API", "{3F1AD0CF-BF70-4F1D-94DD-D03CC0063268}"
EndProject
Project("{FAE04EC0-301F-11D3-BF4B-00C04F79EFBC}") = "RRF.HttpClientFactoryWrapper.Abstract", "RRF.HttpClientFactoryWrapper.Abstract\RRF.HttpClientFactoryWrapper.Abstract.csproj", "{2EBD8A4A-176B-4C0F-80CC-F0BC423A8C82}"
EndProject
Project("{FAE04EC0-301F-11D3-BF4B-00C04F79EFBC}") = "RRF.HttpClientFactoryWrapper", "RRF.HttpClientFactoryWrapper\RRF.HttpClientFactoryWrapper.csproj", "{0312D2A4-2975-4C83-B588-97F074501A64}"
EndProject
Project("{FAE04EC0-301F-11D3-BF4B-00C04F79EFBC}") = "RRF.Models.BaseModel", "RRF.Models.BaseModel\RRF.Models.BaseModel.csproj", "{63F81795-CF7C-4581-9C3B-F8931932D518}"
EndProject
Project("{FAE04EC0-301F-11D3-BF4B-00C04F79EFBC}") = "RRF.Models.BaseModel.Abstract", "RRF.Models.BaseModel.Abstract\RRF.Models.BaseModel.Abstract.csproj", "{7D36A9B1-DBD9-4DE4-AABF-9B8934F73630}"
EndProject
Project("{FAE04EC0-301F-11D3-BF4B-00C04F79EFBC}") = "RRF.DateTimeWrapper.Abstract", "RRF.DateTimeWrapper.Abstract\RRF.DateTimeWrapper.Abstract.csproj", "{D37F34F6-0DDD-4AD4-8CCB-39E5C7D914FC}"
EndProject
Project("{FAE04EC0-301F-11D3-BF4B-00C04F79EFBC}") = "RRF.DateTimeWrapper", "RRF.DateTimeWrapper\RRF.DateTimeWrapper.csproj", "{95041925-DFB4-43EF-A8B8-F3EEBE270D09}"
EndProject
Project("{FAE04EC0-301F-11D3-BF4B-00C04F79EFBC}") = "RRF.WebClientWrapper.Abstract", "RRF.WebClientWrapper.Abstract\RRF.WebClientWrapper.Abstract.csproj", "{C134DE6B-EA28-45FC-90DB-89708F8A4F67}"
EndProject
Project("{FAE04EC0-301F-11D3-BF4B-00C04F79EFBC}") = "RRF.WebClintWrapper", "RRF.WebClintWrapper\RRF.WebClintWrapper.csproj", "{6D1B567F-C3A1-4A50-B168-CFDD164DD84B}"
EndProject
Global
	GlobalSection(SolutionConfigurationPlatforms) = preSolution
		Debug|Any CPU = Debug|Any CPU
		Release|Any CPU = Release|Any CPU
	EndGlobalSection
	GlobalSection(ProjectConfigurationPlatforms) = postSolution
		{2EBD8A4A-176B-4C0F-80CC-F0BC423A8C82}.Debug|Any CPU.ActiveCfg = Debug|Any CPU
		{2EBD8A4A-176B-4C0F-80CC-F0BC423A8C82}.Debug|Any CPU.Build.0 = Debug|Any CPU
		{2EBD8A4A-176B-4C0F-80CC-F0BC423A8C82}.Release|Any CPU.ActiveCfg = Release|Any CPU
		{2EBD8A4A-176B-4C0F-80CC-F0BC423A8C82}.Release|Any CPU.Build.0 = Release|Any CPU
		{0312D2A4-2975-4C83-B588-97F074501A64}.Debug|Any CPU.ActiveCfg = Debug|Any CPU
		{0312D2A4-2975-4C83-B588-97F074501A64}.Debug|Any CPU.Build.0 = Debug|Any CPU
		{0312D2A4-2975-4C83-B588-97F074501A64}.Release|Any CPU.ActiveCfg = Release|Any CPU
		{0312D2A4-2975-4C83-B588-97F074501A64}.Release|Any CPU.Build.0 = Release|Any CPU
		{63F81795-CF7C-4581-9C3B-F8931932D518}.Debug|Any CPU.ActiveCfg = Debug|Any CPU
		{63F81795-CF7C-4581-9C3B-F8931932D518}.Debug|Any CPU.Build.0 = Debug|Any CPU
		{63F81795-CF7C-4581-9C3B-F8931932D518}.Release|Any CPU.ActiveCfg = Release|Any CPU
		{63F81795-CF7C-4581-9C3B-F8931932D518}.Release|Any CPU.Build.0 = Release|Any CPU
		{7D36A9B1-DBD9-4DE4-AABF-9B8934F73630}.Debug|Any CPU.ActiveCfg = Debug|Any CPU
		{7D36A9B1-DBD9-4DE4-AABF-9B8934F73630}.Debug|Any CPU.Build.0 = Debug|Any CPU
		{7D36A9B1-DBD9-4DE4-AABF-9B8934F73630}.Release|Any CPU.ActiveCfg = Release|Any CPU
		{7D36A9B1-DBD9-4DE4-AABF-9B8934F73630}.Release|Any CPU.Build.0 = Release|Any CPU
		{D37F34F6-0DDD-4AD4-8CCB-39E5C7D914FC}.Debug|Any CPU.ActiveCfg = Debug|Any CPU
		{D37F34F6-0DDD-4AD4-8CCB-39E5C7D914FC}.Debug|Any CPU.Build.0 = Debug|Any CPU
		{D37F34F6-0DDD-4AD4-8CCB-39E5C7D914FC}.Release|Any CPU.ActiveCfg = Release|Any CPU
		{D37F34F6-0DDD-4AD4-8CCB-39E5C7D914FC}.Release|Any CPU.Build.0 = Release|Any CPU
		{95041925-DFB4-43EF-A8B8-F3EEBE270D09}.Debug|Any CPU.ActiveCfg = Debug|Any CPU
		{95041925-DFB4-43EF-A8B8-F3EEBE270D09}.Debug|Any CPU.Build.0 = Debug|Any CPU
		{95041925-DFB4-43EF-A8B8-F3EEBE270D09}.Release|Any CPU.ActiveCfg = Release|Any CPU
		{95041925-DFB4-43EF-A8B8-F3EEBE270D09}.Release|Any CPU.Build.0 = Release|Any CPU
		{C134DE6B-EA28-45FC-90DB-89708F8A4F67}.Debug|Any CPU.ActiveCfg = Debug|Any CPU
		{C134DE6B-EA28-45FC-90DB-89708F8A4F67}.Debug|Any CPU.Build.0 = Debug|Any CPU
		{C134DE6B-EA28-45FC-90DB-89708F8A4F67}.Release|Any CPU.ActiveCfg = Release|Any CPU
		{C134DE6B-EA28-45FC-90DB-89708F8A4F67}.Release|Any CPU.Build.0 = Release|Any CPU
		{6D1B567F-C3A1-4A50-B168-CFDD164DD84B}.Debug|Any CPU.ActiveCfg = Debug|Any CPU
		{6D1B567F-C3A1-4A50-B168-CFDD164DD84B}.Debug|Any CPU.Build.0 = Debug|Any CPU
		{6D1B567F-C3A1-4A50-B168-CFDD164DD84B}.Release|Any CPU.ActiveCfg = Release|Any CPU
		{6D1B567F-C3A1-4A50-B168-CFDD164DD84B}.Release|Any CPU.Build.0 = Release|Any CPU
	EndGlobalSection
	GlobalSection(SolutionProperties) = preSolution
		HideSolutionNode = FALSE
	EndGlobalSection
	GlobalSection(NestedProjects) = preSolution
		{4C66E310-4C81-4FB7-AC65-F6A98D450DFD} = {DE9C2F2A-50A8-4713-8AAD-EB3A5670605C}
		{88B161E8-5B15-4FEB-B2B0-258B05DBC89F} = {DE9C2F2A-50A8-4713-8AAD-EB3A5670605C}
		{D07BDDF7-E47C-471C-8E67-FDFF2A4062A1} = {DE9C2F2A-50A8-4713-8AAD-EB3A5670605C}
		{5A3E38CB-21AF-49F4-B486-ACAAC56C20A4} = {DE9C2F2A-50A8-4713-8AAD-EB3A5670605C}
		{E36670D1-C47B-4CC4-B19C-8AC01AF0E4AB} = {5A3E38CB-21AF-49F4-B486-ACAAC56C20A4}
		{AF81032D-949A-4066-AAEE-C1E4F2DAD3B3} = {5A3E38CB-21AF-49F4-B486-ACAAC56C20A4}
		{1FD9E7C3-8F07-4E00-BFB7-0FEA66E6F629} = {DE9C2F2A-50A8-4713-8AAD-EB3A5670605C}
		{42313900-7745-46E3-8D84-5DF5C09456B6} = {1FD9E7C3-8F07-4E00-BFB7-0FEA66E6F629}
		{E55E3613-CE70-4766-97F7-EFAFEF1565CB} = {1FD9E7C3-8F07-4E00-BFB7-0FEA66E6F629}
		{D5079FD7-8AC2-4262-8E03-5FF6BE0E70FB} = {1FD9E7C3-8F07-4E00-BFB7-0FEA66E6F629}
		{9A23C4DB-4F63-4B2D-AFD7-1345A2A74969} = {DE9C2F2A-50A8-4713-8AAD-EB3A5670605C}
		{4AC502E0-997C-4B49-9061-7DDD1CB3FEE6} = {DE9C2F2A-50A8-4713-8AAD-EB3A5670605C}
		{F48BFE0D-112A-4FA8-BCD0-E266B46C0706} = {D07BDDF7-E47C-471C-8E67-FDFF2A4062A1}
		{E023876E-6F1E-4423-9848-8D6B8267387F} = {D07BDDF7-E47C-471C-8E67-FDFF2A4062A1}
		{F61C5F6A-6C1B-4886-98B1-DAAFA54960E9} = {DE9C2F2A-50A8-4713-8AAD-EB3A5670605C}
		{2635A665-FCE1-4BE0-9B38-FB5BA61D2DE4} = {4AC502E0-997C-4B49-9061-7DDD1CB3FEE6}
		{27ECB5FA-4BCE-4AB6-B2A4-F7D44EB3186D} = {4AC502E0-997C-4B49-9061-7DDD1CB3FEE6}
		{A4C3FC36-5E86-4D32-99A7-68DE9A890F4B} = {4AC502E0-997C-4B49-9061-7DDD1CB3FEE6}
		{E1AE3606-F7C1-499E-9A09-F3A86AEAF0FA} = {4C5EE3C4-5138-44F7-B500-279E7777E1DA}
		{DAD51DE4-4BF3-455B-A6AC-64D4468D79DC} = {E1AE3606-F7C1-499E-9A09-F3A86AEAF0FA}
		{3F1AD0CF-BF70-4F1D-94DD-D03CC0063268} = {3E26E704-B3B1-4122-AD96-F3CD4D8A53A1}
		{2EBD8A4A-176B-4C0F-80CC-F0BC423A8C82} = {DAD51DE4-4BF3-455B-A6AC-64D4468D79DC}
		{0312D2A4-2975-4C83-B588-97F074501A64} = {DAD51DE4-4BF3-455B-A6AC-64D4468D79DC}
		{63F81795-CF7C-4581-9C3B-F8931932D518} = {E36670D1-C47B-4CC4-B19C-8AC01AF0E4AB}
		{7D36A9B1-DBD9-4DE4-AABF-9B8934F73630} = {E36670D1-C47B-4CC4-B19C-8AC01AF0E4AB}
		{D37F34F6-0DDD-4AD4-8CCB-39E5C7D914FC} = {2635A665-FCE1-4BE0-9B38-FB5BA61D2DE4}
		{95041925-DFB4-43EF-A8B8-F3EEBE270D09} = {2635A665-FCE1-4BE0-9B38-FB5BA61D2DE4}
		{C134DE6B-EA28-45FC-90DB-89708F8A4F67} = {A4C3FC36-5E86-4D32-99A7-68DE9A890F4B}
		{6D1B567F-C3A1-4A50-B168-CFDD164DD84B} = {A4C3FC36-5E86-4D32-99A7-68DE9A890F4B}
	EndGlobalSection
	GlobalSection(ExtensibilityGlobals) = postSolution
		SolutionGuid = {30FC9563-F44D-425F-954C-47543FB38B98}
	EndGlobalSection
EndGlobal
